// !$*UTF8*$!
{
	archiveVersion = 1;
	classes = {
	};
	objectVersion = 46;
	objects = {

/* Begin PBXAggregateTarget section */
		DE93B0B61B4E4DC800459A2A /* CreatePackage */ = {
			isa = PBXAggregateTarget;
			buildConfigurationList = DE93B0B71B4E4DC800459A2A /* Build configuration list for PBXAggregateTarget "CreatePackage" */;
			buildPhases = (
				DE93B0BC1B4E4DD600459A2A /* Run Script */,
			);
			dependencies = (
				DE93B0BB1B4E4DD300459A2A /* PBXTargetDependency */,
			);
			name = CreatePackage;
			productName = CreatePackage;
		};
/* End PBXAggregateTarget section */

/* Begin PBXBuildFile section */
		D0DD5A7C1B329AA7001D6161 /* ShareSDKUI.m in Sources */ = {isa = PBXBuildFile; fileRef = D0DD5A7B1B329AA7001D6161 /* ShareSDKUI.m */; };
		D0DD5A7F1B329AE5001D6161 /* ShareSDK+SSUI.m in Sources */ = {isa = PBXBuildFile; fileRef = D0DD5A7E1B329AE5001D6161 /* ShareSDK+SSUI.m */; };
		DE0F12F51B84685B00B6E543 /* GoogleOpenSource.framework in Frameworks */ = {isa = PBXBuildFile; fileRef = DE0F12EF1B84685B00B6E543 /* GoogleOpenSource.framework */; };
		DE0F12F61B84685B00B6E543 /* GooglePlus.bundle in Resources */ = {isa = PBXBuildFile; fileRef = DE0F12F01B84685B00B6E543 /* GooglePlus.bundle */; };
		DE0F12F71B84685B00B6E543 /* GooglePlus.framework in Frameworks */ = {isa = PBXBuildFile; fileRef = DE0F12F11B84685B00B6E543 /* GooglePlus.framework */; };
		DE0F12F81B84685B00B6E543 /* RennSDK.bundle in Resources */ = {isa = PBXBuildFile; fileRef = DE0F12F31B84685B00B6E543 /* RennSDK.bundle */; };
		DE0F12F91B84685B00B6E543 /* RennSDK.framework in Frameworks */ = {isa = PBXBuildFile; fileRef = DE0F12F41B84685B00B6E543 /* RennSDK.framework */; };
		DE0F12FB1B8468FD00B6E543 /* CoreMotion.framework in Frameworks */ = {isa = PBXBuildFile; fileRef = DE0F12FA1B8468FD00B6E543 /* CoreMotion.framework */; };
		DE0F12FD1B84690300B6E543 /* CoreLocation.framework in Frameworks */ = {isa = PBXBuildFile; fileRef = DE0F12FC1B84690300B6E543 /* CoreLocation.framework */; };
		DE0F12FF1B84690A00B6E543 /* MediaPlayer.framework in Frameworks */ = {isa = PBXBuildFile; fileRef = DE0F12FE1B84690A00B6E543 /* MediaPlayer.framework */; };
		DE0F13011B84691100B6E543 /* AssetsLibrary.framework in Frameworks */ = {isa = PBXBuildFile; fileRef = DE0F13001B84691100B6E543 /* AssetsLibrary.framework */; };
		DE0F13031B84691800B6E543 /* AddressBook.framework in Frameworks */ = {isa = PBXBuildFile; fileRef = DE0F13021B84691800B6E543 /* AddressBook.framework */; };
		DE0F13081B84697C00B6E543 /* Icon-72.png in Resources */ = {isa = PBXBuildFile; fileRef = DE0F13041B84697C00B6E543 /* Icon-72.png */; };
		DE0F13091B84697C00B6E543 /* Icon-72@2x.png in Resources */ = {isa = PBXBuildFile; fileRef = DE0F13051B84697C00B6E543 /* Icon-72@2x.png */; };
		DE0F130A1B84697C00B6E543 /* Icon.png in Resources */ = {isa = PBXBuildFile; fileRef = DE0F13061B84697C00B6E543 /* Icon.png */; };
		DE0F130B1B84697C00B6E543 /* Icon@2x.png in Resources */ = {isa = PBXBuildFile; fileRef = DE0F13071B84697C00B6E543 /* Icon@2x.png */; };
		DE1EA3451B4F62DE00DE95E2 /* SSUIBaseShareContentEditor.h in Headers */ = {isa = PBXBuildFile; fileRef = DE1EA3211B4F62DE00DE95E2 /* SSUIBaseShareContentEditor.h */; };
		DE1EA3461B4F62DE00DE95E2 /* SSUIBaseShareContentEditor.m in Sources */ = {isa = PBXBuildFile; fileRef = DE1EA3221B4F62DE00DE95E2 /* SSUIBaseShareContentEditor.m */; };
		DE1EA3471B4F62DE00DE95E2 /* SSUIBaseShareContentEditor_Private.h in Headers */ = {isa = PBXBuildFile; fileRef = DE1EA3231B4F62DE00DE95E2 /* SSUIBaseShareContentEditor_Private.h */; };
		DE1EA3481B4F62DE00DE95E2 /* SSUIiPadEditorView.h in Headers */ = {isa = PBXBuildFile; fileRef = DE1EA3251B4F62DE00DE95E2 /* SSUIiPadEditorView.h */; };
		DE1EA3491B4F62DE00DE95E2 /* SSUIiPadEditorView.m in Sources */ = {isa = PBXBuildFile; fileRef = DE1EA3261B4F62DE00DE95E2 /* SSUIiPadEditorView.m */; };
		DE1EA34A1B4F62DE00DE95E2 /* SSUIiPadEditorViewController.h in Headers */ = {isa = PBXBuildFile; fileRef = DE1EA3271B4F62DE00DE95E2 /* SSUIiPadEditorViewController.h */; };
		DE1EA34B1B4F62DE00DE95E2 /* SSUIiPadEditorViewController.m in Sources */ = {isa = PBXBuildFile; fileRef = DE1EA3281B4F62DE00DE95E2 /* SSUIiPadEditorViewController.m */; };
		DE1EA34C1B4F62DE00DE95E2 /* SSUIiPadEditorWindow.h in Headers */ = {isa = PBXBuildFile; fileRef = DE1EA3291B4F62DE00DE95E2 /* SSUIiPadEditorWindow.h */; };
		DE1EA34D1B4F62DE00DE95E2 /* SSUIiPadEditorWindow.m in Sources */ = {isa = PBXBuildFile; fileRef = DE1EA32A1B4F62DE00DE95E2 /* SSUIiPadEditorWindow.m */; };
		DE1EA34E1B4F62DE00DE95E2 /* SSUIiPadShareContentEditor.h in Headers */ = {isa = PBXBuildFile; fileRef = DE1EA32B1B4F62DE00DE95E2 /* SSUIiPadShareContentEditor.h */; };
		DE1EA34F1B4F62DE00DE95E2 /* SSUIiPadShareContentEditor.m in Sources */ = {isa = PBXBuildFile; fileRef = DE1EA32C1B4F62DE00DE95E2 /* SSUIiPadShareContentEditor.m */; };
		DE1EA3501B4F62DE00DE95E2 /* ISSUIHorizontalTableViewItem.h in Headers */ = {isa = PBXBuildFile; fileRef = DE1EA32F1B4F62DE00DE95E2 /* ISSUIHorizontalTableViewItem.h */; };
		DE1EA3511B4F62DE00DE95E2 /* SSUIHorizontalTableView.h in Headers */ = {isa = PBXBuildFile; fileRef = DE1EA3301B4F62DE00DE95E2 /* SSUIHorizontalTableView.h */; };
		DE1EA3521B4F62DE00DE95E2 /* SSUIHorizontalTableView.m in Sources */ = {isa = PBXBuildFile; fileRef = DE1EA3311B4F62DE00DE95E2 /* SSUIHorizontalTableView.m */; };
		DE1EA3531B4F62DE00DE95E2 /* SSUIHorizontalTableViewItem.h in Headers */ = {isa = PBXBuildFile; fileRef = DE1EA3321B4F62DE00DE95E2 /* SSUIHorizontalTableViewItem.h */; };
		DE1EA3541B4F62DE00DE95E2 /* SSUIHorizontalTableViewItem.m in Sources */ = {isa = PBXBuildFile; fileRef = DE1EA3331B4F62DE00DE95E2 /* SSUIHorizontalTableViewItem.m */; };
		DE1EA3551B4F62DE00DE95E2 /* SSUIiPhoneEditorNavigationController.h in Headers */ = {isa = PBXBuildFile; fileRef = DE1EA3341B4F62DE00DE95E2 /* SSUIiPhoneEditorNavigationController.h */; };
		DE1EA3561B4F62DE00DE95E2 /* SSUIiPhoneEditorNavigationController.m in Sources */ = {isa = PBXBuildFile; fileRef = DE1EA3351B4F62DE00DE95E2 /* SSUIiPhoneEditorNavigationController.m */; };
		DE1EA3571B4F62DE00DE95E2 /* SSUIiPhoneEditorToolBar.h in Headers */ = {isa = PBXBuildFile; fileRef = DE1EA3361B4F62DE00DE95E2 /* SSUIiPhoneEditorToolBar.h */; };
		DE1EA3581B4F62DE00DE95E2 /* SSUIiPhoneEditorToolBar.m in Sources */ = {isa = PBXBuildFile; fileRef = DE1EA3371B4F62DE00DE95E2 /* SSUIiPhoneEditorToolBar.m */; };
		DE1EA3591B4F62DE00DE95E2 /* SSUIiPhoneEditorToolBarItem.h in Headers */ = {isa = PBXBuildFile; fileRef = DE1EA3381B4F62DE00DE95E2 /* SSUIiPhoneEditorToolBarItem.h */; };
		DE1EA35A1B4F62DE00DE95E2 /* SSUIiPhoneEditorToolBarItem.m in Sources */ = {isa = PBXBuildFile; fileRef = DE1EA3391B4F62DE00DE95E2 /* SSUIiPhoneEditorToolBarItem.m */; };
		DE1EA35B1B4F62DE00DE95E2 /* SSUIiPhoneEditorView.h in Headers */ = {isa = PBXBuildFile; fileRef = DE1EA33A1B4F62DE00DE95E2 /* SSUIiPhoneEditorView.h */; };
		DE1EA35C1B4F62DE00DE95E2 /* SSUIiPhoneEditorView.m in Sources */ = {isa = PBXBuildFile; fileRef = DE1EA33B1B4F62DE00DE95E2 /* SSUIiPhoneEditorView.m */; };
		DE1EA35D1B4F62DE00DE95E2 /* SSUIiPhoneEditorViewController.h in Headers */ = {isa = PBXBuildFile; fileRef = DE1EA33C1B4F62DE00DE95E2 /* SSUIiPhoneEditorViewController.h */; };
		DE1EA35E1B4F62DE00DE95E2 /* SSUIiPhoneEditorViewController.m in Sources */ = {isa = PBXBuildFile; fileRef = DE1EA33D1B4F62DE00DE95E2 /* SSUIiPhoneEditorViewController.m */; };
		DE1EA35F1B4F62DE00DE95E2 /* SSUIiPhoneEditorWindow.h in Headers */ = {isa = PBXBuildFile; fileRef = DE1EA33E1B4F62DE00DE95E2 /* SSUIiPhoneEditorWindow.h */; };
		DE1EA3601B4F62DE00DE95E2 /* SSUIiPhoneEditorWindow.m in Sources */ = {isa = PBXBuildFile; fileRef = DE1EA33F1B4F62DE00DE95E2 /* SSUIiPhoneEditorWindow.m */; };
		DE1EA3611B4F62DE00DE95E2 /* SSUIiPhoneShareContentEditor.h in Headers */ = {isa = PBXBuildFile; fileRef = DE1EA3401B4F62DE00DE95E2 /* SSUIiPhoneShareContentEditor.h */; };
		DE1EA3621B4F62DE00DE95E2 /* SSUIiPhoneShareContentEditor.m in Sources */ = {isa = PBXBuildFile; fileRef = DE1EA3411B4F62DE00DE95E2 /* SSUIiPhoneShareContentEditor.m */; };
		DE1EA3631B4F62DE00DE95E2 /* SSUIShareContentEditorDef.h in Headers */ = {isa = PBXBuildFile; fileRef = DE1EA3421B4F62DE00DE95E2 /* SSUIShareContentEditorDef.h */; };
		DE1EA3641B4F62DE00DE95E2 /* SSUIShareContentEditorViewController.h in Headers */ = {isa = PBXBuildFile; fileRef = DE1EA3431B4F62DE00DE95E2 /* SSUIShareContentEditorViewController.h */; settings = {ATTRIBUTES = (Public, ); }; };
		DE1EA3651B4F62DE00DE95E2 /* SSUIShareContentEditorViewController.m in Sources */ = {isa = PBXBuildFile; fileRef = DE1EA3441B4F62DE00DE95E2 /* SSUIShareContentEditorViewController.m */; };
		DE6333F91BB91836007FB9A2 /* AdSupport.framework in Frameworks */ = {isa = PBXBuildFile; fileRef = DE6333F81BB91836007FB9A2 /* AdSupport.framework */; };
		DE64BADA1B55F9BB00201E90 /* SSUIiPadShareActionSheetViewController.h in Headers */ = {isa = PBXBuildFile; fileRef = DE64BAD81B55F9BB00201E90 /* SSUIiPadShareActionSheetViewController.h */; };
		DE64BADB1B55F9BB00201E90 /* SSUIiPadShareActionSheetViewController.m in Sources */ = {isa = PBXBuildFile; fileRef = DE64BAD91B55F9BB00201E90 /* SSUIiPadShareActionSheetViewController.m */; };
		DE64BADE1B55F9D900201E90 /* SSUIiPhoneShareActionSheetViewController.h in Headers */ = {isa = PBXBuildFile; fileRef = DE64BADC1B55F9D900201E90 /* SSUIiPhoneShareActionSheetViewController.h */; };
		DE64BADF1B55F9D900201E90 /* SSUIiPhoneShareActionSheetViewController.m in Sources */ = {isa = PBXBuildFile; fileRef = DE64BADD1B55F9D900201E90 /* SSUIiPhoneShareActionSheetViewController.m */; };
		DE748C8E1B68DCB200CC1B4B /* ShareSDKUI.h in Headers */ = {isa = PBXBuildFile; fileRef = D0DD5A7A1B329AA7001D6161 /* ShareSDKUI.h */; settings = {ATTRIBUTES = (Public, ); }; };
		DE75D3861B70536D00A1F1CD /* ShareSDKUI.bundle in Resources */ = {isa = PBXBuildFile; fileRef = DE75D3851B70536D00A1F1CD /* ShareSDKUI.bundle */; };
		DE7E28251B9554BD00B6EF17 /* sharesdk1.png in Resources */ = {isa = PBXBuildFile; fileRef = DE7E28241B9554BD00B6EF17 /* sharesdk1.png */; };
		DE93B04F1B4E49FE00459A2A /* Foundation.framework in Frameworks */ = {isa = PBXBuildFile; fileRef = DE93B04E1B4E49FE00459A2A /* Foundation.framework */; };
		DE93B0511B4E49FE00459A2A /* CoreGraphics.framework in Frameworks */ = {isa = PBXBuildFile; fileRef = DE93B0501B4E49FE00459A2A /* CoreGraphics.framework */; };
		DE93B0531B4E49FE00459A2A /* UIKit.framework in Frameworks */ = {isa = PBXBuildFile; fileRef = DE93B0521B4E49FE00459A2A /* UIKit.framework */; };
		DE93B0591B4E49FE00459A2A /* InfoPlist.strings in Resources */ = {isa = PBXBuildFile; fileRef = DE93B0571B4E49FE00459A2A /* InfoPlist.strings */; };
		DE93B05B1B4E49FE00459A2A /* main.m in Sources */ = {isa = PBXBuildFile; fileRef = DE93B05A1B4E49FE00459A2A /* main.m */; };
		DE93B05F1B4E49FE00459A2A /* AppDelegate.m in Sources */ = {isa = PBXBuildFile; fileRef = DE93B05E1B4E49FE00459A2A /* AppDelegate.m */; };
		DE93B0621B4E49FE00459A2A /* Main_iPhone.storyboard in Resources */ = {isa = PBXBuildFile; fileRef = DE93B0601B4E49FE00459A2A /* Main_iPhone.storyboard */; };
		DE93B0651B4E49FE00459A2A /* Main_iPad.storyboard in Resources */ = {isa = PBXBuildFile; fileRef = DE93B0631B4E49FE00459A2A /* Main_iPad.storyboard */; };
		DE93B0681B4E49FE00459A2A /* ViewController.m in Sources */ = {isa = PBXBuildFile; fileRef = DE93B0671B4E49FE00459A2A /* ViewController.m */; };
		DE93B06A1B4E49FE00459A2A /* Images.xcassets in Resources */ = {isa = PBXBuildFile; fileRef = DE93B0691B4E49FE00459A2A /* Images.xcassets */; };
		DE93B0901B4E4C6900459A2A /* MOBFoundation.framework in Frameworks */ = {isa = PBXBuildFile; fileRef = DE93B08B1B4E4C6900459A2A /* MOBFoundation.framework */; };
		DE93B0911B4E4C6900459A2A /* ShareSDK.bundle in Resources */ = {isa = PBXBuildFile; fileRef = DE93B08C1B4E4C6900459A2A /* ShareSDK.bundle */; };
		DE93B0921B4E4C6900459A2A /* ShareSDK.framework in Frameworks */ = {isa = PBXBuildFile; fileRef = DE93B08D1B4E4C6900459A2A /* ShareSDK.framework */; };
		DE93B0931B4E4C6900459A2A /* ShareSDKConnector.framework in Frameworks */ = {isa = PBXBuildFile; fileRef = DE93B08E1B4E4C6900459A2A /* ShareSDKConnector.framework */; };
		DE93B0941B4E4C6900459A2A /* ShareSDKExtension.framework in Frameworks */ = {isa = PBXBuildFile; fileRef = DE93B08F1B4E4C6900459A2A /* ShareSDKExtension.framework */; };
		DE93B0AD1B4E4CBD00459A2A /* TencentOpenAPI.framework in Frameworks */ = {isa = PBXBuildFile; fileRef = DE93B0971B4E4CBD00459A2A /* TencentOpenAPI.framework */; };
		DE93B0AE1B4E4CBD00459A2A /* TencentOpenApi_IOS_Bundle.bundle in Resources */ = {isa = PBXBuildFile; fileRef = DE93B0981B4E4CBD00459A2A /* TencentOpenApi_IOS_Bundle.bundle */; };
		DE93B0AF1B4E4CBD00459A2A /* libWeiboSDK.a in Frameworks */ = {isa = PBXBuildFile; fileRef = DE93B09A1B4E4CBD00459A2A /* libWeiboSDK.a */; };
		DE93B0B01B4E4CBD00459A2A /* WeiboSDK.bundle in Resources */ = {isa = PBXBuildFile; fileRef = DE93B0A21B4E4CBD00459A2A /* WeiboSDK.bundle */; };
		DE93B0B21B4E4CBD00459A2A /* libWeChatSDK.a in Frameworks */ = {isa = PBXBuildFile; fileRef = DE93B0AA1B4E4CBD00459A2A /* libWeChatSDK.a */; };
		DE93B0BE1B4E4E1300459A2A /* ShareSDKUI.framework in Frameworks */ = {isa = PBXBuildFile; fileRef = DE93B0BD1B4E4E1300459A2A /* ShareSDKUI.framework */; };
		DE93B0C91B4E4E5800459A2A /* ShareSDK+SSUI.h in Headers */ = {isa = PBXBuildFile; fileRef = D0DD5A7D1B329AE5001D6161 /* ShareSDK+SSUI.h */; settings = {ATTRIBUTES = (Public, ); }; };
		DE93B0CA1B4E4E5800459A2A /* SSUITypeDef.h in Headers */ = {isa = PBXBuildFile; fileRef = D056D8C51B32CD74000C7178 /* SSUITypeDef.h */; settings = {ATTRIBUTES = (Public, ); }; };
		DE93B0CC1B4E4E9400459A2A /* libicucore.dylib in Frameworks */ = {isa = PBXBuildFile; fileRef = DE93B0CB1B4E4E9400459A2A /* libicucore.dylib */; };
		DE93B0CE1B4E4E9A00459A2A /* libz.dylib in Frameworks */ = {isa = PBXBuildFile; fileRef = DE93B0CD1B4E4E9A00459A2A /* libz.dylib */; };
		DE93B0D01B4E4EA100459A2A /* libstdc++.dylib in Frameworks */ = {isa = PBXBuildFile; fileRef = DE93B0CF1B4E4EA100459A2A /* libstdc++.dylib */; };
		DE93B0D21B4E4EA700459A2A /* JavaScriptCore.framework in Frameworks */ = {isa = PBXBuildFile; fileRef = DE93B0D11B4E4EA700459A2A /* JavaScriptCore.framework */; };
		DE93B0D41B4E4EAC00459A2A /* ImageIO.framework in Frameworks */ = {isa = PBXBuildFile; fileRef = DE93B0D31B4E4EAC00459A2A /* ImageIO.framework */; };
		DE93B0D61B4E4EB600459A2A /* Social.framework in Frameworks */ = {isa = PBXBuildFile; fileRef = DE93B0D51B4E4EB600459A2A /* Social.framework */; };
		DE93B0D81B4E4EBB00459A2A /* Accounts.framework in Frameworks */ = {isa = PBXBuildFile; fileRef = DE93B0D71B4E4EBB00459A2A /* Accounts.framework */; };
		DE93B0DA1B4E4ED300459A2A /* libsqlite3.dylib in Frameworks */ = {isa = PBXBuildFile; fileRef = DE93B0D91B4E4ED300459A2A /* libsqlite3.dylib */; };
		DE93B12B1B4F6C4300459A2A /* SSUIShareActionSheetCustomItem.h in Headers */ = {isa = PBXBuildFile; fileRef = DE93B1171B4F6C4300459A2A /* SSUIShareActionSheetCustomItem.h */; settings = {ATTRIBUTES = (Public, ); }; };
		DE93B12C1B4F6C4300459A2A /* SSUIShareActionSheetCustomItem.m in Sources */ = {isa = PBXBuildFile; fileRef = DE93B1181B4F6C4300459A2A /* SSUIShareActionSheetCustomItem.m */; };
		DE93B12D1B4F6C4300459A2A /* SSUIShareActionSheetItem.h in Headers */ = {isa = PBXBuildFile; fileRef = DE93B1191B4F6C4300459A2A /* SSUIShareActionSheetItem.h */; settings = {ATTRIBUTES = (Public, ); }; };
		DE93B12E1B4F6C4300459A2A /* SSUIShareActionSheetItem.m in Sources */ = {isa = PBXBuildFile; fileRef = DE93B11A1B4F6C4300459A2A /* SSUIShareActionSheetItem.m */; };
		DE93B12F1B4F6C4300459A2A /* SSUIShareActionSheetPlatformItem.h in Headers */ = {isa = PBXBuildFile; fileRef = DE93B11B1B4F6C4300459A2A /* SSUIShareActionSheetPlatformItem.h */; };
		DE93B1301B4F6C4300459A2A /* SSUIShareActionSheetPlatformItem.m in Sources */ = {isa = PBXBuildFile; fileRef = DE93B11C1B4F6C4300459A2A /* SSUIShareActionSheetPlatformItem.m */; };
		DE93B1311B4F6C4300459A2A /* SSUIBaseShareActionSheet.h in Headers */ = {isa = PBXBuildFile; fileRef = DE93B11E1B4F6C4300459A2A /* SSUIBaseShareActionSheet.h */; };
		DE93B1321B4F6C4300459A2A /* SSUIBaseShareActionSheet.m in Sources */ = {isa = PBXBuildFile; fileRef = DE93B11F1B4F6C4300459A2A /* SSUIBaseShareActionSheet.m */; };
		DE93B1331B4F6C4300459A2A /* SSUIiPadShareActionSheet.h in Headers */ = {isa = PBXBuildFile; fileRef = DE93B1201B4F6C4300459A2A /* SSUIiPadShareActionSheet.h */; };
		DE93B1341B4F6C4300459A2A /* SSUIiPadShareActionSheet.m in Sources */ = {isa = PBXBuildFile; fileRef = DE93B1211B4F6C4300459A2A /* SSUIiPadShareActionSheet.m */; };
		DE93B1351B4F6C4300459A2A /* SSUIiPhoneShareActionSheet.h in Headers */ = {isa = PBXBuildFile; fileRef = DE93B1221B4F6C4300459A2A /* SSUIiPhoneShareActionSheet.h */; };
		DE93B1361B4F6C4300459A2A /* SSUIiPhoneShareActionSheet.m in Sources */ = {isa = PBXBuildFile; fileRef = DE93B1231B4F6C4300459A2A /* SSUIiPhoneShareActionSheet.m */; };
		DE93B1371B4F6C4300459A2A /* SSUIBaseShareActionSheet_Private.h in Headers */ = {isa = PBXBuildFile; fileRef = DE93B1241B4F6C4300459A2A /* SSUIBaseShareActionSheet_Private.h */; };
		DE93B1381B4F6C4300459A2A /* SSUIPageView.h in Headers */ = {isa = PBXBuildFile; fileRef = DE93B1251B4F6C4300459A2A /* SSUIPageView.h */; };
		DE93B1391B4F6C4300459A2A /* SSUIPageView.m in Sources */ = {isa = PBXBuildFile; fileRef = DE93B1261B4F6C4300459A2A /* SSUIPageView.m */; };
		DE93B13A1B4F6C4300459A2A /* SSUIPlatformsView.h in Headers */ = {isa = PBXBuildFile; fileRef = DE93B1271B4F6C4300459A2A /* SSUIPlatformsView.h */; };
		DE93B13B1B4F6C4300459A2A /* SSUIPlatformsView.m in Sources */ = {isa = PBXBuildFile; fileRef = DE93B1281B4F6C4300459A2A /* SSUIPlatformsView.m */; };
		DE93B13C1B4F6C4300459A2A /* SSUIShareActionSheetController.h in Headers */ = {isa = PBXBuildFile; fileRef = DE93B1291B4F6C4300459A2A /* SSUIShareActionSheetController.h */; settings = {ATTRIBUTES = (Public, ); }; };
		DE93B13D1B4F6C4300459A2A /* SSUIShareActionSheetController.m in Sources */ = {isa = PBXBuildFile; fileRef = DE93B12A1B4F6C4300459A2A /* SSUIShareActionSheetController.m */; };
		DE97DF361B56665E00D21F5D /* SSUIShareActinoSheetItemView.h in Headers */ = {isa = PBXBuildFile; fileRef = DE97DF341B56665E00D21F5D /* SSUIShareActinoSheetItemView.h */; };
		DE97DF371B56665E00D21F5D /* SSUIShareActinoSheetItemView.m in Sources */ = {isa = PBXBuildFile; fileRef = DE97DF351B56665E00D21F5D /* SSUIShareActinoSheetItemView.m */; };
		DE97DF3D1B568D7000D21F5D /* SSUIShareActionSheetStyle.h in Headers */ = {isa = PBXBuildFile; fileRef = DE97DF3B1B568D7000D21F5D /* SSUIShareActionSheetStyle.h */; settings = {ATTRIBUTES = (Public, ); }; };
		DE97DF3E1B568D7000D21F5D /* SSUIShareActionSheetStyle.m in Sources */ = {isa = PBXBuildFile; fileRef = DE97DF3C1B568D7000D21F5D /* SSUIShareActionSheetStyle.m */; };
		DEA264241B6F770A00840353 /* ShareSDKUI.framework in Frameworks */ = {isa = PBXBuildFile; fileRef = DEA264231B6F770A00840353 /* ShareSDKUI.framework */; };
		DEA563811BE76048002E9552 /* libAPOpenSdk.a in Frameworks */ = {isa = PBXBuildFile; fileRef = DEA5637F1BE76048002E9552 /* libAPOpenSdk.a */; };
		DEA563821BE76048002E9552 /* README.md in Sources */ = {isa = PBXBuildFile; fileRef = DEA563801BE76048002E9552 /* README.md */; };
		DEA563851BE7604F002E9552 /* KakaoOpenSDK.framework in Frameworks */ = {isa = PBXBuildFile; fileRef = DEA563841BE7604F002E9552 /* KakaoOpenSDK.framework */; };
		DECF63AC1B54B53100B6197E /* LaunchScreen.xib in Resources */ = {isa = PBXBuildFile; fileRef = DECF63AB1B54B53100B6197E /* LaunchScreen.xib */; };
		E2FF0FF01B56922F008EA663 /* SSUIEditorViewStyle.h in Headers */ = {isa = PBXBuildFile; fileRef = E2FF0FEE1B56922F008EA663 /* SSUIEditorViewStyle.h */; settings = {ATTRIBUTES = (Public, ); }; };
		E2FF0FF11B56922F008EA663 /* SSUIEditorViewStyle.m in Sources */ = {isa = PBXBuildFile; fileRef = E2FF0FEF1B56922F008EA663 /* SSUIEditorViewStyle.m */; };
		E2FF0FF61B569789008EA663 /* SSUIEditorViewStyle_Private.h in Headers */ = {isa = PBXBuildFile; fileRef = E2FF0FF51B569789008EA663 /* SSUIEditorViewStyle_Private.h */; };
/* End PBXBuildFile section */

/* Begin PBXContainerItemProxy section */
		DE93B0B31B4E4D1000459A2A /* PBXContainerItemProxy */ = {
			isa = PBXContainerItemProxy;
			containerPortal = D0DD5A681B329802001D6161 /* Project object */;
			proxyType = 1;
			remoteGlobalIDString = D0DD5A6F1B329802001D6161;
			remoteInfo = ShareSDKUI;
		};
		DE93B0BA1B4E4DD300459A2A /* PBXContainerItemProxy */ = {
			isa = PBXContainerItemProxy;
			containerPortal = D0DD5A681B329802001D6161 /* Project object */;
			proxyType = 1;
			remoteGlobalIDString = D0DD5A6F1B329802001D6161;
			remoteInfo = ShareSDKUI;
		};
/* End PBXContainerItemProxy section */

/* Begin PBXFileReference section */
		D056D8C51B32CD74000C7178 /* SSUITypeDef.h */ = {isa = PBXFileReference; fileEncoding = 4; lastKnownFileType = sourcecode.c.h; path = SSUITypeDef.h; sourceTree = "<group>"; };
		D0DD5A701B329802001D6161 /* ShareSDKUI.framework */ = {isa = PBXFileReference; explicitFileType = wrapper.cfbundle; includeInIndex = 0; path = ShareSDKUI.framework; sourceTree = BUILT_PRODUCTS_DIR; };
		D0DD5A741B329802001D6161 /* Info.plist */ = {isa = PBXFileReference; lastKnownFileType = text.plist.xml; path = Info.plist; sourceTree = "<group>"; };
		D0DD5A7A1B329AA7001D6161 /* ShareSDKUI.h */ = {isa = PBXFileReference; fileEncoding = 4; lastKnownFileType = sourcecode.c.h; path = ShareSDKUI.h; sourceTree = "<group>"; };
		D0DD5A7B1B329AA7001D6161 /* ShareSDKUI.m */ = {isa = PBXFileReference; fileEncoding = 4; lastKnownFileType = sourcecode.c.objc; path = ShareSDKUI.m; sourceTree = "<group>"; };
		D0DD5A7D1B329AE5001D6161 /* ShareSDK+SSUI.h */ = {isa = PBXFileReference; fileEncoding = 4; lastKnownFileType = sourcecode.c.h; path = "ShareSDK+SSUI.h"; sourceTree = "<group>"; };
		D0DD5A7E1B329AE5001D6161 /* ShareSDK+SSUI.m */ = {isa = PBXFileReference; fileEncoding = 4; lastKnownFileType = sourcecode.c.objc; path = "ShareSDK+SSUI.m"; sourceTree = "<group>"; };
		DE0F12EF1B84685B00B6E543 /* GoogleOpenSource.framework */ = {isa = PBXFileReference; lastKnownFileType = wrapper.framework; path = GoogleOpenSource.framework; sourceTree = "<group>"; };
		DE0F12F01B84685B00B6E543 /* GooglePlus.bundle */ = {isa = PBXFileReference; lastKnownFileType = "wrapper.plug-in"; path = GooglePlus.bundle; sourceTree = "<group>"; };
		DE0F12F11B84685B00B6E543 /* GooglePlus.framework */ = {isa = PBXFileReference; lastKnownFileType = wrapper.framework; path = GooglePlus.framework; sourceTree = "<group>"; };
		DE0F12F31B84685B00B6E543 /* RennSDK.bundle */ = {isa = PBXFileReference; lastKnownFileType = "wrapper.plug-in"; path = RennSDK.bundle; sourceTree = "<group>"; };
		DE0F12F41B84685B00B6E543 /* RennSDK.framework */ = {isa = PBXFileReference; lastKnownFileType = wrapper.framework; path = RennSDK.framework; sourceTree = "<group>"; };
		DE0F12FA1B8468FD00B6E543 /* CoreMotion.framework */ = {isa = PBXFileReference; lastKnownFileType = wrapper.framework; name = CoreMotion.framework; path = Platforms/iPhoneOS.platform/Developer/SDKs/iPhoneOS7.1.sdk/System/Library/Frameworks/CoreMotion.framework; sourceTree = DEVELOPER_DIR; };
		DE0F12FC1B84690300B6E543 /* CoreLocation.framework */ = {isa = PBXFileReference; lastKnownFileType = wrapper.framework; name = CoreLocation.framework; path = Platforms/iPhoneOS.platform/Developer/SDKs/iPhoneOS7.1.sdk/System/Library/Frameworks/CoreLocation.framework; sourceTree = DEVELOPER_DIR; };
		DE0F12FE1B84690A00B6E543 /* MediaPlayer.framework */ = {isa = PBXFileReference; lastKnownFileType = wrapper.framework; name = MediaPlayer.framework; path = Platforms/iPhoneOS.platform/Developer/SDKs/iPhoneOS7.1.sdk/System/Library/Frameworks/MediaPlayer.framework; sourceTree = DEVELOPER_DIR; };
		DE0F13001B84691100B6E543 /* AssetsLibrary.framework */ = {isa = PBXFileReference; lastKnownFileType = wrapper.framework; name = AssetsLibrary.framework; path = Platforms/iPhoneOS.platform/Developer/SDKs/iPhoneOS7.1.sdk/System/Library/Frameworks/AssetsLibrary.framework; sourceTree = DEVELOPER_DIR; };
		DE0F13021B84691800B6E543 /* AddressBook.framework */ = {isa = PBXFileReference; lastKnownFileType = wrapper.framework; name = AddressBook.framework; path = Platforms/iPhoneOS.platform/Developer/SDKs/iPhoneOS7.1.sdk/System/Library/Frameworks/AddressBook.framework; sourceTree = DEVELOPER_DIR; };
		DE0F13041B84697C00B6E543 /* Icon-72.png */ = {isa = PBXFileReference; lastKnownFileType = image.png; path = "Icon-72.png"; sourceTree = "<group>"; };
		DE0F13051B84697C00B6E543 /* Icon-72@2x.png */ = {isa = PBXFileReference; lastKnownFileType = image.png; path = "Icon-72@2x.png"; sourceTree = "<group>"; };
		DE0F13061B84697C00B6E543 /* Icon.png */ = {isa = PBXFileReference; lastKnownFileType = image.png; path = Icon.png; sourceTree = "<group>"; };
		DE0F13071B84697C00B6E543 /* Icon@2x.png */ = {isa = PBXFileReference; lastKnownFileType = image.png; path = "Icon@2x.png"; sourceTree = "<group>"; };
		DE1EA3211B4F62DE00DE95E2 /* SSUIBaseShareContentEditor.h */ = {isa = PBXFileReference; fileEncoding = 4; lastKnownFileType = sourcecode.c.h; path = SSUIBaseShareContentEditor.h; sourceTree = "<group>"; };
		DE1EA3221B4F62DE00DE95E2 /* SSUIBaseShareContentEditor.m */ = {isa = PBXFileReference; fileEncoding = 4; lastKnownFileType = sourcecode.c.objc; path = SSUIBaseShareContentEditor.m; sourceTree = "<group>"; };
		DE1EA3231B4F62DE00DE95E2 /* SSUIBaseShareContentEditor_Private.h */ = {isa = PBXFileReference; fileEncoding = 4; lastKnownFileType = sourcecode.c.h; path = SSUIBaseShareContentEditor_Private.h; sourceTree = "<group>"; };
		DE1EA3251B4F62DE00DE95E2 /* SSUIiPadEditorView.h */ = {isa = PBXFileReference; fileEncoding = 4; lastKnownFileType = sourcecode.c.h; path = SSUIiPadEditorView.h; sourceTree = "<group>"; };
		DE1EA3261B4F62DE00DE95E2 /* SSUIiPadEditorView.m */ = {isa = PBXFileReference; fileEncoding = 4; lastKnownFileType = sourcecode.c.objc; path = SSUIiPadEditorView.m; sourceTree = "<group>"; };
		DE1EA3271B4F62DE00DE95E2 /* SSUIiPadEditorViewController.h */ = {isa = PBXFileReference; fileEncoding = 4; lastKnownFileType = sourcecode.c.h; path = SSUIiPadEditorViewController.h; sourceTree = "<group>"; };
		DE1EA3281B4F62DE00DE95E2 /* SSUIiPadEditorViewController.m */ = {isa = PBXFileReference; fileEncoding = 4; lastKnownFileType = sourcecode.c.objc; path = SSUIiPadEditorViewController.m; sourceTree = "<group>"; };
		DE1EA3291B4F62DE00DE95E2 /* SSUIiPadEditorWindow.h */ = {isa = PBXFileReference; fileEncoding = 4; lastKnownFileType = sourcecode.c.h; path = SSUIiPadEditorWindow.h; sourceTree = "<group>"; };
		DE1EA32A1B4F62DE00DE95E2 /* SSUIiPadEditorWindow.m */ = {isa = PBXFileReference; fileEncoding = 4; lastKnownFileType = sourcecode.c.objc; path = SSUIiPadEditorWindow.m; sourceTree = "<group>"; };
		DE1EA32B1B4F62DE00DE95E2 /* SSUIiPadShareContentEditor.h */ = {isa = PBXFileReference; fileEncoding = 4; lastKnownFileType = sourcecode.c.h; path = SSUIiPadShareContentEditor.h; sourceTree = "<group>"; };
		DE1EA32C1B4F62DE00DE95E2 /* SSUIiPadShareContentEditor.m */ = {isa = PBXFileReference; fileEncoding = 4; lastKnownFileType = sourcecode.c.objc; path = SSUIiPadShareContentEditor.m; sourceTree = "<group>"; };
		DE1EA32F1B4F62DE00DE95E2 /* ISSUIHorizontalTableViewItem.h */ = {isa = PBXFileReference; fileEncoding = 4; lastKnownFileType = sourcecode.c.h; path = ISSUIHorizontalTableViewItem.h; sourceTree = "<group>"; };
		DE1EA3301B4F62DE00DE95E2 /* SSUIHorizontalTableView.h */ = {isa = PBXFileReference; fileEncoding = 4; lastKnownFileType = sourcecode.c.h; path = SSUIHorizontalTableView.h; sourceTree = "<group>"; };
		DE1EA3311B4F62DE00DE95E2 /* SSUIHorizontalTableView.m */ = {isa = PBXFileReference; fileEncoding = 4; lastKnownFileType = sourcecode.c.objc; path = SSUIHorizontalTableView.m; sourceTree = "<group>"; };
		DE1EA3321B4F62DE00DE95E2 /* SSUIHorizontalTableViewItem.h */ = {isa = PBXFileReference; fileEncoding = 4; lastKnownFileType = sourcecode.c.h; path = SSUIHorizontalTableViewItem.h; sourceTree = "<group>"; };
		DE1EA3331B4F62DE00DE95E2 /* SSUIHorizontalTableViewItem.m */ = {isa = PBXFileReference; fileEncoding = 4; lastKnownFileType = sourcecode.c.objc; path = SSUIHorizontalTableViewItem.m; sourceTree = "<group>"; };
		DE1EA3341B4F62DE00DE95E2 /* SSUIiPhoneEditorNavigationController.h */ = {isa = PBXFileReference; fileEncoding = 4; lastKnownFileType = sourcecode.c.h; path = SSUIiPhoneEditorNavigationController.h; sourceTree = "<group>"; };
		DE1EA3351B4F62DE00DE95E2 /* SSUIiPhoneEditorNavigationController.m */ = {isa = PBXFileReference; fileEncoding = 4; lastKnownFileType = sourcecode.c.objc; path = SSUIiPhoneEditorNavigationController.m; sourceTree = "<group>"; };
		DE1EA3361B4F62DE00DE95E2 /* SSUIiPhoneEditorToolBar.h */ = {isa = PBXFileReference; fileEncoding = 4; lastKnownFileType = sourcecode.c.h; path = SSUIiPhoneEditorToolBar.h; sourceTree = "<group>"; };
		DE1EA3371B4F62DE00DE95E2 /* SSUIiPhoneEditorToolBar.m */ = {isa = PBXFileReference; fileEncoding = 4; lastKnownFileType = sourcecode.c.objc; path = SSUIiPhoneEditorToolBar.m; sourceTree = "<group>"; };
		DE1EA3381B4F62DE00DE95E2 /* SSUIiPhoneEditorToolBarItem.h */ = {isa = PBXFileReference; fileEncoding = 4; lastKnownFileType = sourcecode.c.h; path = SSUIiPhoneEditorToolBarItem.h; sourceTree = "<group>"; };
		DE1EA3391B4F62DE00DE95E2 /* SSUIiPhoneEditorToolBarItem.m */ = {isa = PBXFileReference; fileEncoding = 4; lastKnownFileType = sourcecode.c.objc; path = SSUIiPhoneEditorToolBarItem.m; sourceTree = "<group>"; };
		DE1EA33A1B4F62DE00DE95E2 /* SSUIiPhoneEditorView.h */ = {isa = PBXFileReference; fileEncoding = 4; lastKnownFileType = sourcecode.c.h; path = SSUIiPhoneEditorView.h; sourceTree = "<group>"; };
		DE1EA33B1B4F62DE00DE95E2 /* SSUIiPhoneEditorView.m */ = {isa = PBXFileReference; fileEncoding = 4; lastKnownFileType = sourcecode.c.objc; path = SSUIiPhoneEditorView.m; sourceTree = "<group>"; };
		DE1EA33C1B4F62DE00DE95E2 /* SSUIiPhoneEditorViewController.h */ = {isa = PBXFileReference; fileEncoding = 4; lastKnownFileType = sourcecode.c.h; path = SSUIiPhoneEditorViewController.h; sourceTree = "<group>"; };
		DE1EA33D1B4F62DE00DE95E2 /* SSUIiPhoneEditorViewController.m */ = {isa = PBXFileReference; fileEncoding = 4; lastKnownFileType = sourcecode.c.objc; path = SSUIiPhoneEditorViewController.m; sourceTree = "<group>"; };
		DE1EA33E1B4F62DE00DE95E2 /* SSUIiPhoneEditorWindow.h */ = {isa = PBXFileReference; fileEncoding = 4; lastKnownFileType = sourcecode.c.h; path = SSUIiPhoneEditorWindow.h; sourceTree = "<group>"; };
		DE1EA33F1B4F62DE00DE95E2 /* SSUIiPhoneEditorWindow.m */ = {isa = PBXFileReference; fileEncoding = 4; lastKnownFileType = sourcecode.c.objc; path = SSUIiPhoneEditorWindow.m; sourceTree = "<group>"; };
		DE1EA3401B4F62DE00DE95E2 /* SSUIiPhoneShareContentEditor.h */ = {isa = PBXFileReference; fileEncoding = 4; lastKnownFileType = sourcecode.c.h; path = SSUIiPhoneShareContentEditor.h; sourceTree = "<group>"; };
		DE1EA3411B4F62DE00DE95E2 /* SSUIiPhoneShareContentEditor.m */ = {isa = PBXFileReference; fileEncoding = 4; lastKnownFileType = sourcecode.c.objc; path = SSUIiPhoneShareContentEditor.m; sourceTree = "<group>"; };
		DE1EA3421B4F62DE00DE95E2 /* SSUIShareContentEditorDef.h */ = {isa = PBXFileReference; fileEncoding = 4; lastKnownFileType = sourcecode.c.h; path = SSUIShareContentEditorDef.h; sourceTree = "<group>"; };
		DE1EA3431B4F62DE00DE95E2 /* SSUIShareContentEditorViewController.h */ = {isa = PBXFileReference; fileEncoding = 4; lastKnownFileType = sourcecode.c.h; path = SSUIShareContentEditorViewController.h; sourceTree = "<group>"; };
		DE1EA3441B4F62DE00DE95E2 /* SSUIShareContentEditorViewController.m */ = {isa = PBXFileReference; fileEncoding = 4; lastKnownFileType = sourcecode.c.objc; path = SSUIShareContentEditorViewController.m; sourceTree = "<group>"; };
		DE6333F81BB91836007FB9A2 /* AdSupport.framework */ = {isa = PBXFileReference; lastKnownFileType = wrapper.framework; name = AdSupport.framework; path = Platforms/iPhoneOS.platform/Developer/SDKs/iPhoneOS8.3.sdk/System/Library/Frameworks/AdSupport.framework; sourceTree = DEVELOPER_DIR; };
		DE64BAD81B55F9BB00201E90 /* SSUIiPadShareActionSheetViewController.h */ = {isa = PBXFileReference; fileEncoding = 4; lastKnownFileType = sourcecode.c.h; path = SSUIiPadShareActionSheetViewController.h; sourceTree = "<group>"; };
		DE64BAD91B55F9BB00201E90 /* SSUIiPadShareActionSheetViewController.m */ = {isa = PBXFileReference; fileEncoding = 4; lastKnownFileType = sourcecode.c.objc; path = SSUIiPadShareActionSheetViewController.m; sourceTree = "<group>"; };
		DE64BADC1B55F9D900201E90 /* SSUIiPhoneShareActionSheetViewController.h */ = {isa = PBXFileReference; fileEncoding = 4; lastKnownFileType = sourcecode.c.h; path = SSUIiPhoneShareActionSheetViewController.h; sourceTree = "<group>"; };
		DE64BADD1B55F9D900201E90 /* SSUIiPhoneShareActionSheetViewController.m */ = {isa = PBXFileReference; fileEncoding = 4; lastKnownFileType = sourcecode.c.objc; path = SSUIiPhoneShareActionSheetViewController.m; sourceTree = "<group>"; };
		DE75D3851B70536D00A1F1CD /* ShareSDKUI.bundle */ = {isa = PBXFileReference; lastKnownFileType = "wrapper.plug-in"; name = ShareSDKUI.bundle; path = ../../bin/ShareSDKUI.bundle; sourceTree = "<group>"; };
		DE7E28241B9554BD00B6EF17 /* sharesdk1.png */ = {isa = PBXFileReference; lastKnownFileType = image.png; path = sharesdk1.png; sourceTree = "<group>"; };
		DE90B74A1C06F9B000F22D50 /* zh */ = {isa = PBXFileReference; lastKnownFileType = text.plist.strings; name = zh; path = zh.lproj/Main_iPhone.strings; sourceTree = "<group>"; };
		DE90B74B1C06F9B000F22D50 /* zh */ = {isa = PBXFileReference; lastKnownFileType = text.plist.strings; name = zh; path = zh.lproj/Main_iPad.strings; sourceTree = "<group>"; };
		DE90B74C1C06F9B100F22D50 /* zh */ = {isa = PBXFileReference; lastKnownFileType = text.plist.strings; name = zh; path = zh.lproj/InfoPlist.strings; sourceTree = "<group>"; };
		DE93B04C1B4E49FE00459A2A /* TestShareSDKUI.app */ = {isa = PBXFileReference; explicitFileType = wrapper.application; includeInIndex = 0; path = TestShareSDKUI.app; sourceTree = BUILT_PRODUCTS_DIR; };
		DE93B04E1B4E49FE00459A2A /* Foundation.framework */ = {isa = PBXFileReference; lastKnownFileType = wrapper.framework; name = Foundation.framework; path = System/Library/Frameworks/Foundation.framework; sourceTree = SDKROOT; };
		DE93B0501B4E49FE00459A2A /* CoreGraphics.framework */ = {isa = PBXFileReference; lastKnownFileType = wrapper.framework; name = CoreGraphics.framework; path = System/Library/Frameworks/CoreGraphics.framework; sourceTree = SDKROOT; };
		DE93B0521B4E49FE00459A2A /* UIKit.framework */ = {isa = PBXFileReference; lastKnownFileType = wrapper.framework; name = UIKit.framework; path = Library/Frameworks/UIKit.framework; sourceTree = DEVELOPER_DIR; };
		DE93B0561B4E49FE00459A2A /* TestShareSDKUI-Info.plist */ = {isa = PBXFileReference; lastKnownFileType = text.plist.xml; path = "TestShareSDKUI-Info.plist"; sourceTree = "<group>"; };
		DE93B0581B4E49FE00459A2A /* en */ = {isa = PBXFileReference; lastKnownFileType = text.plist.strings; name = en; path = en.lproj/InfoPlist.strings; sourceTree = "<group>"; };
		DE93B05A1B4E49FE00459A2A /* main.m */ = {isa = PBXFileReference; lastKnownFileType = sourcecode.c.objc; path = main.m; sourceTree = "<group>"; };
		DE93B05C1B4E49FE00459A2A /* TestShareSDKUI-Prefix.pch */ = {isa = PBXFileReference; lastKnownFileType = sourcecode.c.h; path = "TestShareSDKUI-Prefix.pch"; sourceTree = "<group>"; };
		DE93B05D1B4E49FE00459A2A /* AppDelegate.h */ = {isa = PBXFileReference; lastKnownFileType = sourcecode.c.h; path = AppDelegate.h; sourceTree = "<group>"; };
		DE93B05E1B4E49FE00459A2A /* AppDelegate.m */ = {isa = PBXFileReference; lastKnownFileType = sourcecode.c.objc; path = AppDelegate.m; sourceTree = "<group>"; };
		DE93B0611B4E49FE00459A2A /* Base */ = {isa = PBXFileReference; lastKnownFileType = file.storyboard; name = Base; path = Base.lproj/Main_iPhone.storyboard; sourceTree = "<group>"; };
		DE93B0641B4E49FE00459A2A /* Base */ = {isa = PBXFileReference; lastKnownFileType = file.storyboard; name = Base; path = Base.lproj/Main_iPad.storyboard; sourceTree = "<group>"; };
		DE93B0661B4E49FE00459A2A /* ViewController.h */ = {isa = PBXFileReference; lastKnownFileType = sourcecode.c.h; path = ViewController.h; sourceTree = "<group>"; };
		DE93B0671B4E49FE00459A2A /* ViewController.m */ = {isa = PBXFileReference; lastKnownFileType = sourcecode.c.objc; path = ViewController.m; sourceTree = "<group>"; };
		DE93B0691B4E49FE00459A2A /* Images.xcassets */ = {isa = PBXFileReference; lastKnownFileType = folder.assetcatalog; path = Images.xcassets; sourceTree = "<group>"; };
		DE93B0701B4E49FE00459A2A /* XCTest.framework */ = {isa = PBXFileReference; lastKnownFileType = wrapper.framework; name = XCTest.framework; path = Library/Frameworks/XCTest.framework; sourceTree = DEVELOPER_DIR; };
		DE93B08B1B4E4C6900459A2A /* MOBFoundation.framework */ = {isa = PBXFileReference; lastKnownFileType = wrapper.framework; path = MOBFoundation.framework; sourceTree = "<group>"; };
		DE93B08C1B4E4C6900459A2A /* ShareSDK.bundle */ = {isa = PBXFileReference; lastKnownFileType = "wrapper.plug-in"; path = ShareSDK.bundle; sourceTree = "<group>"; };
		DE93B08D1B4E4C6900459A2A /* ShareSDK.framework */ = {isa = PBXFileReference; lastKnownFileType = wrapper.framework; path = ShareSDK.framework; sourceTree = "<group>"; };
		DE93B08E1B4E4C6900459A2A /* ShareSDKConnector.framework */ = {isa = PBXFileReference; lastKnownFileType = wrapper.framework; path = ShareSDKConnector.framework; sourceTree = "<group>"; };
		DE93B08F1B4E4C6900459A2A /* ShareSDKExtension.framework */ = {isa = PBXFileReference; lastKnownFileType = wrapper.framework; path = ShareSDKExtension.framework; sourceTree = "<group>"; };
		DE93B0971B4E4CBD00459A2A /* TencentOpenAPI.framework */ = {isa = PBXFileReference; lastKnownFileType = wrapper.framework; path = TencentOpenAPI.framework; sourceTree = "<group>"; };
		DE93B0981B4E4CBD00459A2A /* TencentOpenApi_IOS_Bundle.bundle */ = {isa = PBXFileReference; lastKnownFileType = "wrapper.plug-in"; path = TencentOpenApi_IOS_Bundle.bundle; sourceTree = "<group>"; };
		DE93B09A1B4E4CBD00459A2A /* libWeiboSDK.a */ = {isa = PBXFileReference; lastKnownFileType = archive.ar; path = libWeiboSDK.a; sourceTree = "<group>"; };
		DE93B09B1B4E4CBD00459A2A /* WBHttpRequest+WeiboShare.h */ = {isa = PBXFileReference; fileEncoding = 4; lastKnownFileType = sourcecode.c.h; path = "WBHttpRequest+WeiboShare.h"; sourceTree = "<group>"; };
		DE93B09C1B4E4CBD00459A2A /* WBHttpRequest+WeiboToken.h */ = {isa = PBXFileReference; fileEncoding = 4; lastKnownFileType = sourcecode.c.h; path = "WBHttpRequest+WeiboToken.h"; sourceTree = "<group>"; };
		DE93B09D1B4E4CBD00459A2A /* WBHttpRequest+WeiboUser.h */ = {isa = PBXFileReference; fileEncoding = 4; lastKnownFileType = sourcecode.c.h; path = "WBHttpRequest+WeiboUser.h"; sourceTree = "<group>"; };
		DE93B09E1B4E4CBD00459A2A /* WBHttpRequest.h */ = {isa = PBXFileReference; fileEncoding = 4; lastKnownFileType = sourcecode.c.h; path = WBHttpRequest.h; sourceTree = "<group>"; };
		DE93B09F1B4E4CBD00459A2A /* WBSDKBasicButton.h */ = {isa = PBXFileReference; fileEncoding = 4; lastKnownFileType = sourcecode.c.h; path = WBSDKBasicButton.h; sourceTree = "<group>"; };
		DE93B0A01B4E4CBD00459A2A /* WBSDKCommentButton.h */ = {isa = PBXFileReference; fileEncoding = 4; lastKnownFileType = sourcecode.c.h; path = WBSDKCommentButton.h; sourceTree = "<group>"; };
		DE93B0A11B4E4CBD00459A2A /* WBSDKRelationshipButton.h */ = {isa = PBXFileReference; fileEncoding = 4; lastKnownFileType = sourcecode.c.h; path = WBSDKRelationshipButton.h; sourceTree = "<group>"; };
		DE93B0A21B4E4CBD00459A2A /* WeiboSDK.bundle */ = {isa = PBXFileReference; lastKnownFileType = "wrapper.plug-in"; path = WeiboSDK.bundle; sourceTree = "<group>"; };
		DE93B0A31B4E4CBD00459A2A /* WeiboSDK.h */ = {isa = PBXFileReference; fileEncoding = 4; lastKnownFileType = sourcecode.c.h; path = WeiboSDK.h; sourceTree = "<group>"; };
		DE93B0A41B4E4CBD00459A2A /* WeiboUser.h */ = {isa = PBXFileReference; fileEncoding = 4; lastKnownFileType = sourcecode.c.h; path = WeiboUser.h; sourceTree = "<group>"; };
		DE93B0AA1B4E4CBD00459A2A /* libWeChatSDK.a */ = {isa = PBXFileReference; lastKnownFileType = archive.ar; path = libWeChatSDK.a; sourceTree = "<group>"; };
		DE93B0AB1B4E4CBD00459A2A /* WXApi.h */ = {isa = PBXFileReference; fileEncoding = 4; lastKnownFileType = sourcecode.c.h; path = WXApi.h; sourceTree = "<group>"; };
		DE93B0AC1B4E4CBD00459A2A /* WXApiObject.h */ = {isa = PBXFileReference; fileEncoding = 4; lastKnownFileType = sourcecode.c.h; path = WXApiObject.h; sourceTree = "<group>"; };
		DE93B0BD1B4E4E1300459A2A /* ShareSDKUI.framework */ = {isa = PBXFileReference; lastKnownFileType = wrapper.framework; name = ShareSDKUI.framework; path = release/ShareSDKUI.framework; sourceTree = SOURCE_ROOT; };
		DE93B0CB1B4E4E9400459A2A /* libicucore.dylib */ = {isa = PBXFileReference; lastKnownFileType = "compiled.mach-o.dylib"; name = libicucore.dylib; path = Platforms/iPhoneOS.platform/Developer/SDKs/iPhoneOS7.1.sdk/usr/lib/libicucore.dylib; sourceTree = DEVELOPER_DIR; };
		DE93B0CD1B4E4E9A00459A2A /* libz.dylib */ = {isa = PBXFileReference; lastKnownFileType = "compiled.mach-o.dylib"; name = libz.dylib; path = Platforms/iPhoneOS.platform/Developer/SDKs/iPhoneOS7.1.sdk/usr/lib/libz.dylib; sourceTree = DEVELOPER_DIR; };
		DE93B0CF1B4E4EA100459A2A /* libstdc++.dylib */ = {isa = PBXFileReference; lastKnownFileType = "compiled.mach-o.dylib"; name = "libstdc++.dylib"; path = "Platforms/iPhoneOS.platform/Developer/SDKs/iPhoneOS7.1.sdk/usr/lib/libstdc++.dylib"; sourceTree = DEVELOPER_DIR; };
		DE93B0D11B4E4EA700459A2A /* JavaScriptCore.framework */ = {isa = PBXFileReference; lastKnownFileType = wrapper.framework; name = JavaScriptCore.framework; path = Platforms/iPhoneOS.platform/Developer/SDKs/iPhoneOS7.1.sdk/System/Library/Frameworks/JavaScriptCore.framework; sourceTree = DEVELOPER_DIR; };
		DE93B0D31B4E4EAC00459A2A /* ImageIO.framework */ = {isa = PBXFileReference; lastKnownFileType = wrapper.framework; name = ImageIO.framework; path = Platforms/iPhoneOS.platform/Developer/SDKs/iPhoneOS7.1.sdk/System/Library/Frameworks/ImageIO.framework; sourceTree = DEVELOPER_DIR; };
		DE93B0D51B4E4EB600459A2A /* Social.framework */ = {isa = PBXFileReference; lastKnownFileType = wrapper.framework; name = Social.framework; path = Platforms/iPhoneOS.platform/Developer/SDKs/iPhoneOS7.1.sdk/System/Library/Frameworks/Social.framework; sourceTree = DEVELOPER_DIR; };
		DE93B0D71B4E4EBB00459A2A /* Accounts.framework */ = {isa = PBXFileReference; lastKnownFileType = wrapper.framework; name = Accounts.framework; path = Platforms/iPhoneOS.platform/Developer/SDKs/iPhoneOS7.1.sdk/System/Library/Frameworks/Accounts.framework; sourceTree = DEVELOPER_DIR; };
		DE93B0D91B4E4ED300459A2A /* libsqlite3.dylib */ = {isa = PBXFileReference; lastKnownFileType = "compiled.mach-o.dylib"; name = libsqlite3.dylib; path = Platforms/iPhoneOS.platform/Developer/SDKs/iPhoneOS7.1.sdk/usr/lib/libsqlite3.dylib; sourceTree = DEVELOPER_DIR; };
		DE93B1171B4F6C4300459A2A /* SSUIShareActionSheetCustomItem.h */ = {isa = PBXFileReference; fileEncoding = 4; lastKnownFileType = sourcecode.c.h; path = SSUIShareActionSheetCustomItem.h; sourceTree = "<group>"; };
		DE93B1181B4F6C4300459A2A /* SSUIShareActionSheetCustomItem.m */ = {isa = PBXFileReference; fileEncoding = 4; lastKnownFileType = sourcecode.c.objc; path = SSUIShareActionSheetCustomItem.m; sourceTree = "<group>"; };
		DE93B1191B4F6C4300459A2A /* SSUIShareActionSheetItem.h */ = {isa = PBXFileReference; fileEncoding = 4; lastKnownFileType = sourcecode.c.h; path = SSUIShareActionSheetItem.h; sourceTree = "<group>"; };
		DE93B11A1B4F6C4300459A2A /* SSUIShareActionSheetItem.m */ = {isa = PBXFileReference; fileEncoding = 4; lastKnownFileType = sourcecode.c.objc; path = SSUIShareActionSheetItem.m; sourceTree = "<group>"; };
		DE93B11B1B4F6C4300459A2A /* SSUIShareActionSheetPlatformItem.h */ = {isa = PBXFileReference; fileEncoding = 4; lastKnownFileType = sourcecode.c.h; path = SSUIShareActionSheetPlatformItem.h; sourceTree = "<group>"; };
		DE93B11C1B4F6C4300459A2A /* SSUIShareActionSheetPlatformItem.m */ = {isa = PBXFileReference; fileEncoding = 4; lastKnownFileType = sourcecode.c.objc; path = SSUIShareActionSheetPlatformItem.m; sourceTree = "<group>"; };
		DE93B11E1B4F6C4300459A2A /* SSUIBaseShareActionSheet.h */ = {isa = PBXFileReference; fileEncoding = 4; lastKnownFileType = sourcecode.c.h; path = SSUIBaseShareActionSheet.h; sourceTree = "<group>"; };
		DE93B11F1B4F6C4300459A2A /* SSUIBaseShareActionSheet.m */ = {isa = PBXFileReference; fileEncoding = 4; lastKnownFileType = sourcecode.c.objc; path = SSUIBaseShareActionSheet.m; sourceTree = "<group>"; };
		DE93B1201B4F6C4300459A2A /* SSUIiPadShareActionSheet.h */ = {isa = PBXFileReference; fileEncoding = 4; lastKnownFileType = sourcecode.c.h; path = SSUIiPadShareActionSheet.h; sourceTree = "<group>"; };
		DE93B1211B4F6C4300459A2A /* SSUIiPadShareActionSheet.m */ = {isa = PBXFileReference; fileEncoding = 4; lastKnownFileType = sourcecode.c.objc; path = SSUIiPadShareActionSheet.m; sourceTree = "<group>"; };
		DE93B1221B4F6C4300459A2A /* SSUIiPhoneShareActionSheet.h */ = {isa = PBXFileReference; fileEncoding = 4; lastKnownFileType = sourcecode.c.h; path = SSUIiPhoneShareActionSheet.h; sourceTree = "<group>"; };
		DE93B1231B4F6C4300459A2A /* SSUIiPhoneShareActionSheet.m */ = {isa = PBXFileReference; fileEncoding = 4; lastKnownFileType = sourcecode.c.objc; path = SSUIiPhoneShareActionSheet.m; sourceTree = "<group>"; };
		DE93B1241B4F6C4300459A2A /* SSUIBaseShareActionSheet_Private.h */ = {isa = PBXFileReference; fileEncoding = 4; lastKnownFileType = sourcecode.c.h; name = SSUIBaseShareActionSheet_Private.h; path = ../SSUIBaseShareActionSheet_Private.h; sourceTree = "<group>"; };
		DE93B1251B4F6C4300459A2A /* SSUIPageView.h */ = {isa = PBXFileReference; fileEncoding = 4; lastKnownFileType = sourcecode.c.h; path = SSUIPageView.h; sourceTree = "<group>"; };
		DE93B1261B4F6C4300459A2A /* SSUIPageView.m */ = {isa = PBXFileReference; fileEncoding = 4; lastKnownFileType = sourcecode.c.objc; path = SSUIPageView.m; sourceTree = "<group>"; };
		DE93B1271B4F6C4300459A2A /* SSUIPlatformsView.h */ = {isa = PBXFileReference; fileEncoding = 4; lastKnownFileType = sourcecode.c.h; path = SSUIPlatformsView.h; sourceTree = "<group>"; };
		DE93B1281B4F6C4300459A2A /* SSUIPlatformsView.m */ = {isa = PBXFileReference; fileEncoding = 4; lastKnownFileType = sourcecode.c.objc; path = SSUIPlatformsView.m; sourceTree = "<group>"; };
		DE93B1291B4F6C4300459A2A /* SSUIShareActionSheetController.h */ = {isa = PBXFileReference; fileEncoding = 4; lastKnownFileType = sourcecode.c.h; path = SSUIShareActionSheetController.h; sourceTree = "<group>"; };
		DE93B12A1B4F6C4300459A2A /* SSUIShareActionSheetController.m */ = {isa = PBXFileReference; fileEncoding = 4; lastKnownFileType = sourcecode.c.objc; path = SSUIShareActionSheetController.m; sourceTree = "<group>"; };
		DE97DF341B56665E00D21F5D /* SSUIShareActinoSheetItemView.h */ = {isa = PBXFileReference; fileEncoding = 4; lastKnownFileType = sourcecode.c.h; path = SSUIShareActinoSheetItemView.h; sourceTree = "<group>"; };
		DE97DF351B56665E00D21F5D /* SSUIShareActinoSheetItemView.m */ = {isa = PBXFileReference; fileEncoding = 4; lastKnownFileType = sourcecode.c.objc; path = SSUIShareActinoSheetItemView.m; sourceTree = "<group>"; };
		DE97DF3B1B568D7000D21F5D /* SSUIShareActionSheetStyle.h */ = {isa = PBXFileReference; fileEncoding = 4; lastKnownFileType = sourcecode.c.h; path = SSUIShareActionSheetStyle.h; sourceTree = "<group>"; };
		DE97DF3C1B568D7000D21F5D /* SSUIShareActionSheetStyle.m */ = {isa = PBXFileReference; fileEncoding = 4; lastKnownFileType = sourcecode.c.objc; path = SSUIShareActionSheetStyle.m; sourceTree = "<group>"; };
		DE97DF3F1B5691C700D21F5D /* SSUIShareActionSheetStyle_Private.h */ = {isa = PBXFileReference; lastKnownFileType = sourcecode.c.h; path = SSUIShareActionSheetStyle_Private.h; sourceTree = "<group>"; };
		DEA264231B6F770A00840353 /* ShareSDKUI.framework */ = {isa = PBXFileReference; lastKnownFileType = wrapper.framework; name = ShareSDKUI.framework; path = ../../bin/ShareSDKUI.framework; sourceTree = "<group>"; };
		DEA5637D1BE76048002E9552 /* APOpenAPI.h */ = {isa = PBXFileReference; fileEncoding = 4; lastKnownFileType = sourcecode.c.h; path = APOpenAPI.h; sourceTree = "<group>"; };
		DEA5637E1BE76048002E9552 /* APOpenAPIObject.h */ = {isa = PBXFileReference; fileEncoding = 4; lastKnownFileType = sourcecode.c.h; path = APOpenAPIObject.h; sourceTree = "<group>"; };
		DEA5637F1BE76048002E9552 /* libAPOpenSdk.a */ = {isa = PBXFileReference; lastKnownFileType = archive.ar; path = libAPOpenSdk.a; sourceTree = "<group>"; };
		DEA563801BE76048002E9552 /* README.md */ = {isa = PBXFileReference; fileEncoding = 4; lastKnownFileType = net.daringfireball.markdown; path = README.md; sourceTree = "<group>"; };
		DEA563841BE7604F002E9552 /* KakaoOpenSDK.framework */ = {isa = PBXFileReference; lastKnownFileType = wrapper.framework; path = KakaoOpenSDK.framework; sourceTree = "<group>"; };
		DECF63AB1B54B53100B6197E /* LaunchScreen.xib */ = {isa = PBXFileReference; fileEncoding = 4; lastKnownFileType = file.xib; path = LaunchScreen.xib; sourceTree = "<group>"; };
		E2FF0FEE1B56922F008EA663 /* SSUIEditorViewStyle.h */ = {isa = PBXFileReference; fileEncoding = 4; lastKnownFileType = sourcecode.c.h; name = SSUIEditorViewStyle.h; path = SSUIiPhoneEditorView/SSUIEditorViewStyle.h; sourceTree = "<group>"; };
		E2FF0FEF1B56922F008EA663 /* SSUIEditorViewStyle.m */ = {isa = PBXFileReference; fileEncoding = 4; lastKnownFileType = sourcecode.c.objc; name = SSUIEditorViewStyle.m; path = SSUIiPhoneEditorView/SSUIEditorViewStyle.m; sourceTree = "<group>"; };
		E2FF0FF51B569789008EA663 /* SSUIEditorViewStyle_Private.h */ = {isa = PBXFileReference; fileEncoding = 4; lastKnownFileType = sourcecode.c.h; name = SSUIEditorViewStyle_Private.h; path = SSUIiPhoneEditorView/SSUIEditorViewStyle_Private.h; sourceTree = "<group>"; };
/* End PBXFileReference section */

/* Begin PBXFrameworksBuildPhase section */
		D0DD5A6D1B329802001D6161 /* Frameworks */ = {
			isa = PBXFrameworksBuildPhase;
			buildActionMask = 2147483647;
			files = (
			);
			runOnlyForDeploymentPostprocessing = 0;
		};
		DE93B0491B4E49FE00459A2A /* Frameworks */ = {
			isa = PBXFrameworksBuildPhase;
			buildActionMask = 2147483647;
			files = (
				DE6333F91BB91836007FB9A2 /* AdSupport.framework in Frameworks */,
				DE0F13031B84691800B6E543 /* AddressBook.framework in Frameworks */,
				DE0F13011B84691100B6E543 /* AssetsLibrary.framework in Frameworks */,
				DE0F12FF1B84690A00B6E543 /* MediaPlayer.framework in Frameworks */,
				DE0F12FD1B84690300B6E543 /* CoreLocation.framework in Frameworks */,
				DEA563851BE7604F002E9552 /* KakaoOpenSDK.framework in Frameworks */,
				DE0F12FB1B8468FD00B6E543 /* CoreMotion.framework in Frameworks */,
				DE93B0DA1B4E4ED300459A2A /* libsqlite3.dylib in Frameworks */,
				DE0F12F51B84685B00B6E543 /* GoogleOpenSource.framework in Frameworks */,
				DE93B0D81B4E4EBB00459A2A /* Accounts.framework in Frameworks */,
				DE0F12F91B84685B00B6E543 /* RennSDK.framework in Frameworks */,
				DE93B0D61B4E4EB600459A2A /* Social.framework in Frameworks */,
				DE93B0D41B4E4EAC00459A2A /* ImageIO.framework in Frameworks */,
				DE93B0D21B4E4EA700459A2A /* JavaScriptCore.framework in Frameworks */,
				DE93B0D01B4E4EA100459A2A /* libstdc++.dylib in Frameworks */,
				DE93B0CE1B4E4E9A00459A2A /* libz.dylib in Frameworks */,
				DE93B0CC1B4E4E9400459A2A /* libicucore.dylib in Frameworks */,
				DE93B0901B4E4C6900459A2A /* MOBFoundation.framework in Frameworks */,
				DE93B0AD1B4E4CBD00459A2A /* TencentOpenAPI.framework in Frameworks */,
				DE93B0931B4E4C6900459A2A /* ShareSDKConnector.framework in Frameworks */,
				DE93B0511B4E49FE00459A2A /* CoreGraphics.framework in Frameworks */,
				DE93B0B21B4E4CBD00459A2A /* libWeChatSDK.a in Frameworks */,
				DEA563811BE76048002E9552 /* libAPOpenSdk.a in Frameworks */,
				DE93B0AF1B4E4CBD00459A2A /* libWeiboSDK.a in Frameworks */,
				DE93B0BE1B4E4E1300459A2A /* ShareSDKUI.framework in Frameworks */,
				DEA264241B6F770A00840353 /* ShareSDKUI.framework in Frameworks */,
				DE93B0531B4E49FE00459A2A /* UIKit.framework in Frameworks */,
				DE93B0941B4E4C6900459A2A /* ShareSDKExtension.framework in Frameworks */,
				DE93B04F1B4E49FE00459A2A /* Foundation.framework in Frameworks */,
				DE93B0921B4E4C6900459A2A /* ShareSDK.framework in Frameworks */,
				DE0F12F71B84685B00B6E543 /* GooglePlus.framework in Frameworks */,
			);
			runOnlyForDeploymentPostprocessing = 0;
		};
/* End PBXFrameworksBuildPhase section */

/* Begin PBXGroup section */
		D0DD5A671B329802001D6161 = {
			isa = PBXGroup;
			children = (
				D0DD5A721B329802001D6161 /* ShareSDKUI */,
				DE93B0541B4E49FE00459A2A /* TestShareSDKUI */,
				DE93B04D1B4E49FE00459A2A /* Frameworks */,
				D0DD5A711B329802001D6161 /* Products */,
			);
			sourceTree = "<group>";
		};
		D0DD5A711B329802001D6161 /* Products */ = {
			isa = PBXGroup;
			children = (
				D0DD5A701B329802001D6161 /* ShareSDKUI.framework */,
				DE93B04C1B4E49FE00459A2A /* TestShareSDKUI.app */,
			);
			name = Products;
			sourceTree = "<group>";
		};
		D0DD5A721B329802001D6161 /* ShareSDKUI */ = {
			isa = PBXGroup;
			children = (
				DE93B1151B4F6C4300459A2A /* ShareActionSheet */,
				DE1EA3201B4F62DE00DE95E2 /* ContentEditor */,
				D0DD5A731B329802001D6161 /* Supporting Files */,
				D0DD5A7A1B329AA7001D6161 /* ShareSDKUI.h */,
				D0DD5A7B1B329AA7001D6161 /* ShareSDKUI.m */,
				D0DD5A7D1B329AE5001D6161 /* ShareSDK+SSUI.h */,
				D0DD5A7E1B329AE5001D6161 /* ShareSDK+SSUI.m */,
				D056D8C51B32CD74000C7178 /* SSUITypeDef.h */,
			);
			path = ShareSDKUI;
			sourceTree = "<group>";
		};
		D0DD5A731B329802001D6161 /* Supporting Files */ = {
			isa = PBXGroup;
			children = (
				D0DD5A741B329802001D6161 /* Info.plist */,
			);
			name = "Supporting Files";
			sourceTree = "<group>";
		};
		DE0F12EE1B84685B00B6E543 /* GooglePlusSDK */ = {
			isa = PBXGroup;
			children = (
				DE0F12EF1B84685B00B6E543 /* GoogleOpenSource.framework */,
				DE0F12F01B84685B00B6E543 /* GooglePlus.bundle */,
				DE0F12F11B84685B00B6E543 /* GooglePlus.framework */,
			);
			path = GooglePlusSDK;
			sourceTree = "<group>";
		};
		DE0F12F21B84685B00B6E543 /* RenRenSDK */ = {
			isa = PBXGroup;
			children = (
				DE0F12F31B84685B00B6E543 /* RennSDK.bundle */,
				DE0F12F41B84685B00B6E543 /* RennSDK.framework */,
			);
			path = RenRenSDK;
			sourceTree = "<group>";
		};
		DE1EA3201B4F62DE00DE95E2 /* ContentEditor */ = {
			isa = PBXGroup;
			children = (
				E2FF0FEE1B56922F008EA663 /* SSUIEditorViewStyle.h */,
				E2FF0FEF1B56922F008EA663 /* SSUIEditorViewStyle.m */,
				E2FF0FF51B569789008EA663 /* SSUIEditorViewStyle_Private.h */,
				DE1EA32D1B4F62DE00DE95E2 /* SSUIiPhoneEditorView */,
				DE1EA3241B4F62DE00DE95E2 /* SSUIiPadEditorView */,
				DE1EA3211B4F62DE00DE95E2 /* SSUIBaseShareContentEditor.h */,
				DE1EA3221B4F62DE00DE95E2 /* SSUIBaseShareContentEditor.m */,
				DE1EA3231B4F62DE00DE95E2 /* SSUIBaseShareContentEditor_Private.h */,
				DE1EA32B1B4F62DE00DE95E2 /* SSUIiPadShareContentEditor.h */,
				DE1EA32C1B4F62DE00DE95E2 /* SSUIiPadShareContentEditor.m */,
				DE1EA3401B4F62DE00DE95E2 /* SSUIiPhoneShareContentEditor.h */,
				DE1EA3411B4F62DE00DE95E2 /* SSUIiPhoneShareContentEditor.m */,
				DE1EA3421B4F62DE00DE95E2 /* SSUIShareContentEditorDef.h */,
				DE1EA3431B4F62DE00DE95E2 /* SSUIShareContentEditorViewController.h */,
				DE1EA3441B4F62DE00DE95E2 /* SSUIShareContentEditorViewController.m */,
			);
			path = ContentEditor;
			sourceTree = "<group>";
		};
		DE1EA3241B4F62DE00DE95E2 /* SSUIiPadEditorView */ = {
			isa = PBXGroup;
			children = (
				DE1EA3251B4F62DE00DE95E2 /* SSUIiPadEditorView.h */,
				DE1EA3261B4F62DE00DE95E2 /* SSUIiPadEditorView.m */,
				DE1EA3271B4F62DE00DE95E2 /* SSUIiPadEditorViewController.h */,
				DE1EA3281B4F62DE00DE95E2 /* SSUIiPadEditorViewController.m */,
				DE1EA3291B4F62DE00DE95E2 /* SSUIiPadEditorWindow.h */,
				DE1EA32A1B4F62DE00DE95E2 /* SSUIiPadEditorWindow.m */,
			);
			path = SSUIiPadEditorView;
			sourceTree = "<group>";
		};
		DE1EA32D1B4F62DE00DE95E2 /* SSUIiPhoneEditorView */ = {
			isa = PBXGroup;
			children = (
				DE1EA32E1B4F62DE00DE95E2 /* SSUIHorizontalTableView */,
				DE1EA3341B4F62DE00DE95E2 /* SSUIiPhoneEditorNavigationController.h */,
				DE1EA3351B4F62DE00DE95E2 /* SSUIiPhoneEditorNavigationController.m */,
				DE1EA3361B4F62DE00DE95E2 /* SSUIiPhoneEditorToolBar.h */,
				DE1EA3371B4F62DE00DE95E2 /* SSUIiPhoneEditorToolBar.m */,
				DE1EA3381B4F62DE00DE95E2 /* SSUIiPhoneEditorToolBarItem.h */,
				DE1EA3391B4F62DE00DE95E2 /* SSUIiPhoneEditorToolBarItem.m */,
				DE1EA33A1B4F62DE00DE95E2 /* SSUIiPhoneEditorView.h */,
				DE1EA33B1B4F62DE00DE95E2 /* SSUIiPhoneEditorView.m */,
				DE1EA33C1B4F62DE00DE95E2 /* SSUIiPhoneEditorViewController.h */,
				DE1EA33D1B4F62DE00DE95E2 /* SSUIiPhoneEditorViewController.m */,
				DE1EA33E1B4F62DE00DE95E2 /* SSUIiPhoneEditorWindow.h */,
				DE1EA33F1B4F62DE00DE95E2 /* SSUIiPhoneEditorWindow.m */,
			);
			path = SSUIiPhoneEditorView;
			sourceTree = "<group>";
		};
		DE1EA32E1B4F62DE00DE95E2 /* SSUIHorizontalTableView */ = {
			isa = PBXGroup;
			children = (
				DE1EA32F1B4F62DE00DE95E2 /* ISSUIHorizontalTableViewItem.h */,
				DE1EA3301B4F62DE00DE95E2 /* SSUIHorizontalTableView.h */,
				DE1EA3311B4F62DE00DE95E2 /* SSUIHorizontalTableView.m */,
				DE1EA3321B4F62DE00DE95E2 /* SSUIHorizontalTableViewItem.h */,
				DE1EA3331B4F62DE00DE95E2 /* SSUIHorizontalTableViewItem.m */,
			);
			path = SSUIHorizontalTableView;
			sourceTree = "<group>";
		};
		DE93B04D1B4E49FE00459A2A /* Frameworks */ = {
			isa = PBXGroup;
			children = (
				DE6333F81BB91836007FB9A2 /* AdSupport.framework */,
				DE0F13021B84691800B6E543 /* AddressBook.framework */,
				DE0F13001B84691100B6E543 /* AssetsLibrary.framework */,
				DE0F12FE1B84690A00B6E543 /* MediaPlayer.framework */,
				DE0F12FC1B84690300B6E543 /* CoreLocation.framework */,
				DE0F12FA1B8468FD00B6E543 /* CoreMotion.framework */,
				DE93B0D91B4E4ED300459A2A /* libsqlite3.dylib */,
				DE93B0D71B4E4EBB00459A2A /* Accounts.framework */,
				DE93B0D51B4E4EB600459A2A /* Social.framework */,
				DE93B0D31B4E4EAC00459A2A /* ImageIO.framework */,
				DE93B0D11B4E4EA700459A2A /* JavaScriptCore.framework */,
				DE93B0CF1B4E4EA100459A2A /* libstdc++.dylib */,
				DE93B0CD1B4E4E9A00459A2A /* libz.dylib */,
				DE93B0CB1B4E4E9400459A2A /* libicucore.dylib */,
				DE93B04E1B4E49FE00459A2A /* Foundation.framework */,
				DE93B0501B4E49FE00459A2A /* CoreGraphics.framework */,
				DE93B0521B4E49FE00459A2A /* UIKit.framework */,
				DE93B0701B4E49FE00459A2A /* XCTest.framework */,
			);
			name = Frameworks;
			sourceTree = "<group>";
		};
		DE93B0541B4E49FE00459A2A /* TestShareSDKUI */ = {
			isa = PBXGroup;
			children = (
				DE7E28241B9554BD00B6EF17 /* sharesdk1.png */,
				DE75D3851B70536D00A1F1CD /* ShareSDKUI.bundle */,
				DEA264231B6F770A00840353 /* ShareSDKUI.framework */,
				DECF63AB1B54B53100B6197E /* LaunchScreen.xib */,
				DE93B05D1B4E49FE00459A2A /* AppDelegate.h */,
				DE93B05E1B4E49FE00459A2A /* AppDelegate.m */,
				DE93B0661B4E49FE00459A2A /* ViewController.h */,
				DE93B0671B4E49FE00459A2A /* ViewController.m */,
				DE93B0551B4E49FE00459A2A /* Supporting Files */,
			);
			path = TestShareSDKUI;
			sourceTree = "<group>";
		};
		DE93B0551B4E49FE00459A2A /* Supporting Files */ = {
			isa = PBXGroup;
			children = (
				DE0F13041B84697C00B6E543 /* Icon-72.png */,
				DE0F13051B84697C00B6E543 /* Icon-72@2x.png */,
				DE0F13061B84697C00B6E543 /* Icon.png */,
				DE0F13071B84697C00B6E543 /* Icon@2x.png */,
				DE93B0951B4E4CBD00459A2A /* extends */,
				DE93B08A1B4E4C6900459A2A /* bin */,
				DE93B0601B4E49FE00459A2A /* Main_iPhone.storyboard */,
				DE93B0631B4E49FE00459A2A /* Main_iPad.storyboard */,
				DE93B0691B4E49FE00459A2A /* Images.xcassets */,
				DE93B0561B4E49FE00459A2A /* TestShareSDKUI-Info.plist */,
				DE93B0571B4E49FE00459A2A /* InfoPlist.strings */,
				DE93B05A1B4E49FE00459A2A /* main.m */,
				DE93B05C1B4E49FE00459A2A /* TestShareSDKUI-Prefix.pch */,
			);
			name = "Supporting Files";
			sourceTree = "<group>";
		};
		DE93B08A1B4E4C6900459A2A /* bin */ = {
			isa = PBXGroup;
			children = (
				DE93B0BD1B4E4E1300459A2A /* ShareSDKUI.framework */,
				DE93B08B1B4E4C6900459A2A /* MOBFoundation.framework */,
				DE93B08C1B4E4C6900459A2A /* ShareSDK.bundle */,
				DE93B08D1B4E4C6900459A2A /* ShareSDK.framework */,
				DE93B08E1B4E4C6900459A2A /* ShareSDKConnector.framework */,
				DE93B08F1B4E4C6900459A2A /* ShareSDKExtension.framework */,
			);
			name = bin;
			path = ../../bin;
			sourceTree = "<group>";
		};
		DE93B0951B4E4CBD00459A2A /* extends */ = {
			isa = PBXGroup;
			children = (
				DEA563831BE7604F002E9552 /* KaKaoSDK */,
				DEA5637C1BE76048002E9552 /* APSocialSDK */,
				DE0F12EE1B84685B00B6E543 /* GooglePlusSDK */,
				DE0F12F21B84685B00B6E543 /* RenRenSDK */,
				DE93B0961B4E4CBD00459A2A /* QQSDK */,
				DE93B0991B4E4CBD00459A2A /* SinaWeiboSDK */,
				DE93B0A91B4E4CBD00459A2A /* WeChatSDK */,
			);
			name = extends;
			path = ../../extends;
			sourceTree = "<group>";
		};
		DE93B0961B4E4CBD00459A2A /* QQSDK */ = {
			isa = PBXGroup;
			children = (
				DE93B0971B4E4CBD00459A2A /* TencentOpenAPI.framework */,
				DE93B0981B4E4CBD00459A2A /* TencentOpenApi_IOS_Bundle.bundle */,
			);
			path = QQSDK;
			sourceTree = "<group>";
		};
		DE93B0991B4E4CBD00459A2A /* SinaWeiboSDK */ = {
			isa = PBXGroup;
			children = (
				DE93B09A1B4E4CBD00459A2A /* libWeiboSDK.a */,
				DE93B09B1B4E4CBD00459A2A /* WBHttpRequest+WeiboShare.h */,
				DE93B09C1B4E4CBD00459A2A /* WBHttpRequest+WeiboToken.h */,
				DE93B09D1B4E4CBD00459A2A /* WBHttpRequest+WeiboUser.h */,
				DE93B09E1B4E4CBD00459A2A /* WBHttpRequest.h */,
				DE93B09F1B4E4CBD00459A2A /* WBSDKBasicButton.h */,
				DE93B0A01B4E4CBD00459A2A /* WBSDKCommentButton.h */,
				DE93B0A11B4E4CBD00459A2A /* WBSDKRelationshipButton.h */,
				DE93B0A21B4E4CBD00459A2A /* WeiboSDK.bundle */,
				DE93B0A31B4E4CBD00459A2A /* WeiboSDK.h */,
				DE93B0A41B4E4CBD00459A2A /* WeiboUser.h */,
			);
			path = SinaWeiboSDK;
			sourceTree = "<group>";
		};
		DE93B0A91B4E4CBD00459A2A /* WeChatSDK */ = {
			isa = PBXGroup;
			children = (
				DE93B0AA1B4E4CBD00459A2A /* libWeChatSDK.a */,
				DE93B0AB1B4E4CBD00459A2A /* WXApi.h */,
				DE93B0AC1B4E4CBD00459A2A /* WXApiObject.h */,
			);
			path = WeChatSDK;
			sourceTree = "<group>";
		};
		DE93B1151B4F6C4300459A2A /* ShareActionSheet */ = {
			isa = PBXGroup;
			children = (
				DE97DF3B1B568D7000D21F5D /* SSUIShareActionSheetStyle.h */,
				DE97DF3C1B568D7000D21F5D /* SSUIShareActionSheetStyle.m */,
				DE97DF3F1B5691C700D21F5D /* SSUIShareActionSheetStyle_Private.h */,
				DE93B1161B4F6C4300459A2A /* Item */,
				DE93B1271B4F6C4300459A2A /* SSUIPlatformsView.h */,
				DE93B1281B4F6C4300459A2A /* SSUIPlatformsView.m */,
				DE93B1251B4F6C4300459A2A /* SSUIPageView.h */,
				DE93B1261B4F6C4300459A2A /* SSUIPageView.m */,
				DE93B11D1B4F6C4300459A2A /* ShareActionSheet */,
				DE93B1291B4F6C4300459A2A /* SSUIShareActionSheetController.h */,
				DE93B12A1B4F6C4300459A2A /* SSUIShareActionSheetController.m */,
			);
			path = ShareActionSheet;
			sourceTree = "<group>";
		};
		DE93B1161B4F6C4300459A2A /* Item */ = {
			isa = PBXGroup;
			children = (
				DE93B1191B4F6C4300459A2A /* SSUIShareActionSheetItem.h */,
				DE93B11A1B4F6C4300459A2A /* SSUIShareActionSheetItem.m */,
				DE93B11B1B4F6C4300459A2A /* SSUIShareActionSheetPlatformItem.h */,
				DE93B11C1B4F6C4300459A2A /* SSUIShareActionSheetPlatformItem.m */,
				DE93B1171B4F6C4300459A2A /* SSUIShareActionSheetCustomItem.h */,
				DE93B1181B4F6C4300459A2A /* SSUIShareActionSheetCustomItem.m */,
				DE97DF341B56665E00D21F5D /* SSUIShareActinoSheetItemView.h */,
				DE97DF351B56665E00D21F5D /* SSUIShareActinoSheetItemView.m */,
			);
			path = Item;
			sourceTree = "<group>";
		};
		DE93B11D1B4F6C4300459A2A /* ShareActionSheet */ = {
			isa = PBXGroup;
			children = (
				DE93B1241B4F6C4300459A2A /* SSUIBaseShareActionSheet_Private.h */,
				DE93B11E1B4F6C4300459A2A /* SSUIBaseShareActionSheet.h */,
				DE93B11F1B4F6C4300459A2A /* SSUIBaseShareActionSheet.m */,
				DE93B1201B4F6C4300459A2A /* SSUIiPadShareActionSheet.h */,
				DE93B1211B4F6C4300459A2A /* SSUIiPadShareActionSheet.m */,
				DE93B1221B4F6C4300459A2A /* SSUIiPhoneShareActionSheet.h */,
				DE93B1231B4F6C4300459A2A /* SSUIiPhoneShareActionSheet.m */,
				DE64BAD81B55F9BB00201E90 /* SSUIiPadShareActionSheetViewController.h */,
				DE64BAD91B55F9BB00201E90 /* SSUIiPadShareActionSheetViewController.m */,
				DE64BADC1B55F9D900201E90 /* SSUIiPhoneShareActionSheetViewController.h */,
				DE64BADD1B55F9D900201E90 /* SSUIiPhoneShareActionSheetViewController.m */,
			);
			path = ShareActionSheet;
			sourceTree = "<group>";
		};
		DEA5637C1BE76048002E9552 /* APSocialSDK */ = {
			isa = PBXGroup;
			children = (
				DEA5637D1BE76048002E9552 /* APOpenAPI.h */,
				DEA5637E1BE76048002E9552 /* APOpenAPIObject.h */,
				DEA5637F1BE76048002E9552 /* libAPOpenSdk.a */,
				DEA563801BE76048002E9552 /* README.md */,
			);
			path = APSocialSDK;
			sourceTree = "<group>";
		};
		DEA563831BE7604F002E9552 /* KaKaoSDK */ = {
			isa = PBXGroup;
			children = (
				DEA563841BE7604F002E9552 /* KakaoOpenSDK.framework */,
			);
			path = KaKaoSDK;
			sourceTree = "<group>";
		};
/* End PBXGroup section */

/* Begin PBXHeadersBuildPhase section */
		DE93B0BF1B4E4E3C00459A2A /* Headers */ = {
			isa = PBXHeadersBuildPhase;
			buildActionMask = 2147483647;
			files = (
				DE1EA3511B4F62DE00DE95E2 /* SSUIHorizontalTableView.h in Headers */,
				DE1EA3471B4F62DE00DE95E2 /* SSUIBaseShareContentEditor_Private.h in Headers */,
				DE97DF3D1B568D7000D21F5D /* SSUIShareActionSheetStyle.h in Headers */,
				DE1EA3641B4F62DE00DE95E2 /* SSUIShareContentEditorViewController.h in Headers */,
				DE93B13C1B4F6C4300459A2A /* SSUIShareActionSheetController.h in Headers */,
				DE93B0CA1B4E4E5800459A2A /* SSUITypeDef.h in Headers */,
				E2FF0FF01B56922F008EA663 /* SSUIEditorViewStyle.h in Headers */,
				DE748C8E1B68DCB200CC1B4B /* ShareSDKUI.h in Headers */,
				DE93B12D1B4F6C4300459A2A /* SSUIShareActionSheetItem.h in Headers */,
				DE93B12F1B4F6C4300459A2A /* SSUIShareActionSheetPlatformItem.h in Headers */,
				DE93B12B1B4F6C4300459A2A /* SSUIShareActionSheetCustomItem.h in Headers */,
				DE1EA34A1B4F62DE00DE95E2 /* SSUIiPadEditorViewController.h in Headers */,
				DE1EA3571B4F62DE00DE95E2 /* SSUIiPhoneEditorToolBar.h in Headers */,
				DE1EA35B1B4F62DE00DE95E2 /* SSUIiPhoneEditorView.h in Headers */,
				DE93B1381B4F6C4300459A2A /* SSUIPageView.h in Headers */,
				DE64BADA1B55F9BB00201E90 /* SSUIiPadShareActionSheetViewController.h in Headers */,
				DE1EA35F1B4F62DE00DE95E2 /* SSUIiPhoneEditorWindow.h in Headers */,
				DE1EA3451B4F62DE00DE95E2 /* SSUIBaseShareContentEditor.h in Headers */,
				DE1EA3591B4F62DE00DE95E2 /* SSUIiPhoneEditorToolBarItem.h in Headers */,
				DE1EA3611B4F62DE00DE95E2 /* SSUIiPhoneShareContentEditor.h in Headers */,
				DE93B1351B4F6C4300459A2A /* SSUIiPhoneShareActionSheet.h in Headers */,
				DE93B1371B4F6C4300459A2A /* SSUIBaseShareActionSheet_Private.h in Headers */,
				DE1EA3551B4F62DE00DE95E2 /* SSUIiPhoneEditorNavigationController.h in Headers */,
				DE64BADE1B55F9D900201E90 /* SSUIiPhoneShareActionSheetViewController.h in Headers */,
				DE93B1331B4F6C4300459A2A /* SSUIiPadShareActionSheet.h in Headers */,
				DE1EA3531B4F62DE00DE95E2 /* SSUIHorizontalTableViewItem.h in Headers */,
				DE1EA3501B4F62DE00DE95E2 /* ISSUIHorizontalTableViewItem.h in Headers */,
				DE1EA3481B4F62DE00DE95E2 /* SSUIiPadEditorView.h in Headers */,
				DE93B1311B4F6C4300459A2A /* SSUIBaseShareActionSheet.h in Headers */,
				DE1EA3631B4F62DE00DE95E2 /* SSUIShareContentEditorDef.h in Headers */,
				E2FF0FF61B569789008EA663 /* SSUIEditorViewStyle_Private.h in Headers */,
				DE1EA34E1B4F62DE00DE95E2 /* SSUIiPadShareContentEditor.h in Headers */,
				DE93B13A1B4F6C4300459A2A /* SSUIPlatformsView.h in Headers */,
				DE1EA35D1B4F62DE00DE95E2 /* SSUIiPhoneEditorViewController.h in Headers */,
				DE97DF361B56665E00D21F5D /* SSUIShareActinoSheetItemView.h in Headers */,
				DE1EA34C1B4F62DE00DE95E2 /* SSUIiPadEditorWindow.h in Headers */,
				DE93B0C91B4E4E5800459A2A /* ShareSDK+SSUI.h in Headers */,
			);
			runOnlyForDeploymentPostprocessing = 0;
		};
/* End PBXHeadersBuildPhase section */

/* Begin PBXNativeTarget section */
		D0DD5A6F1B329802001D6161 /* ShareSDKUI */ = {
			isa = PBXNativeTarget;
			buildConfigurationList = D0DD5A771B329802001D6161 /* Build configuration list for PBXNativeTarget "ShareSDKUI" */;
			buildPhases = (
				D0DD5A6C1B329802001D6161 /* Sources */,
				D0DD5A6D1B329802001D6161 /* Frameworks */,
				D0DD5A6E1B329802001D6161 /* Resources */,
				DE93B0BF1B4E4E3C00459A2A /* Headers */,
			);
			buildRules = (
			);
			dependencies = (
			);
			name = ShareSDKUI;
			productName = ShareSDKUI;
			productReference = D0DD5A701B329802001D6161 /* ShareSDKUI.framework */;
			productType = "com.apple.product-type.bundle";
		};
		DE93B04B1B4E49FE00459A2A /* TestShareSDKUI */ = {
			isa = PBXNativeTarget;
			buildConfigurationList = DE93B0821B4E49FE00459A2A /* Build configuration list for PBXNativeTarget "TestShareSDKUI" */;
			buildPhases = (
				DE93B0481B4E49FE00459A2A /* Sources */,
				DE93B0491B4E49FE00459A2A /* Frameworks */,
				DE93B04A1B4E49FE00459A2A /* Resources */,
			);
			buildRules = (
			);
			dependencies = (
				DE93B0B41B4E4D1000459A2A /* PBXTargetDependency */,
			);
			name = TestShareSDKUI;
			productName = TestShareSDKUI;
			productReference = DE93B04C1B4E49FE00459A2A /* TestShareSDKUI.app */;
			productType = "com.apple.product-type.application";
		};
/* End PBXNativeTarget section */

/* Begin PBXProject section */
		D0DD5A681B329802001D6161 /* Project object */ = {
			isa = PBXProject;
			attributes = {
				LastUpgradeCheck = 0630;
				ORGANIZATIONNAME = mob;
				TargetAttributes = {
					D0DD5A6F1B329802001D6161 = {
						CreatedOnToolsVersion = 6.3.1;
					};
					DE93B04B1B4E49FE00459A2A = {
						DevelopmentTeam = Q87QUX3533;
					};
				};
			};
			buildConfigurationList = D0DD5A6B1B329802001D6161 /* Build configuration list for PBXProject "ShareSDKUI" */;
			compatibilityVersion = "Xcode 3.2";
			developmentRegion = English;
			hasScannedForEncodings = 0;
			knownRegions = (
				en,
				Base,
				"zh-Hans",
				zh,
			);
			mainGroup = D0DD5A671B329802001D6161;
			productRefGroup = D0DD5A711B329802001D6161 /* Products */;
			projectDirPath = "";
			projectRoot = "";
			targets = (
				D0DD5A6F1B329802001D6161 /* ShareSDKUI */,
				DE93B04B1B4E49FE00459A2A /* TestShareSDKUI */,
				DE93B0B61B4E4DC800459A2A /* CreatePackage */,
			);
		};
/* End PBXProject section */

/* Begin PBXResourcesBuildPhase section */
		D0DD5A6E1B329802001D6161 /* Resources */ = {
			isa = PBXResourcesBuildPhase;
			buildActionMask = 2147483647;
			files = (
			);
			runOnlyForDeploymentPostprocessing = 0;
		};
		DE93B04A1B4E49FE00459A2A /* Resources */ = {
			isa = PBXResourcesBuildPhase;
			buildActionMask = 2147483647;
			files = (
				DE93B0AE1B4E4CBD00459A2A /* TencentOpenApi_IOS_Bundle.bundle in Resources */,
				DECF63AC1B54B53100B6197E /* LaunchScreen.xib in Resources */,
				DE75D3861B70536D00A1F1CD /* ShareSDKUI.bundle in Resources */,
				DE93B0651B4E49FE00459A2A /* Main_iPad.storyboard in Resources */,
				DE0F130B1B84697C00B6E543 /* Icon@2x.png in Resources */,
				DE93B0911B4E4C6900459A2A /* ShareSDK.bundle in Resources */,
				DE7E28251B9554BD00B6EF17 /* sharesdk1.png in Resources */,
				DE0F13081B84697C00B6E543 /* Icon-72.png in Resources */,
				DE93B06A1B4E49FE00459A2A /* Images.xcassets in Resources */,
				DE0F12F81B84685B00B6E543 /* RennSDK.bundle in Resources */,
				DE93B0B01B4E4CBD00459A2A /* WeiboSDK.bundle in Resources */,
				DE93B0621B4E49FE00459A2A /* Main_iPhone.storyboard in Resources */,
				DE93B0591B4E49FE00459A2A /* InfoPlist.strings in Resources */,
				DE0F12F61B84685B00B6E543 /* GooglePlus.bundle in Resources */,
				DE0F130A1B84697C00B6E543 /* Icon.png in Resources */,
				DE0F13091B84697C00B6E543 /* Icon-72@2x.png in Resources */,
			);
			runOnlyForDeploymentPostprocessing = 0;
		};
/* End PBXResourcesBuildPhase section */

/* Begin PBXShellScriptBuildPhase section */
		DE93B0BC1B4E4DD600459A2A /* Run Script */ = {
			isa = PBXShellScriptBuildPhase;
			buildActionMask = 2147483647;
			files = (
			);
			inputPaths = (
			);
			name = "Run Script";
			outputPaths = (
			);
			runOnlyForDeploymentPostprocessing = 0;
			shellPath = /bin/sh;
			shellScript = "# Sets the target folders and the final framework product.\nFMK_NAME=${PROJECT_NAME}\n\n# Install dir will be the final output to the framework.\n# The following line create it in the root folder of the current project.\nINSTALL_BASE_DIR=${SRCROOT}/release\nINSTALL_DIR=${INSTALL_BASE_DIR}/${FMK_NAME}.framework\n\n# Working dir will be deleted after the framework creation.\nWRK_DIR=build\nDEVICE_DIR=${WRK_DIR}/Release-iphoneos/${FMK_NAME}.framework\nSIMULATOR_DIR=${WRK_DIR}/Release-iphonesimulator/${FMK_NAME}.framework\n\n# -configuration ${CONFIGURATION}\n# Clean and Building both architectures.\nxcodebuild -arch \"armv7s\" -arch \"armv7\" -arch \"arm64\" -configuration \"Release\" -target \"${FMK_NAME}\" -sdk iphoneos clean build\nxcodebuild -arch \"i386\" -arch \"x86_64\" -configuration \"Release\" -target \"${FMK_NAME}\" -sdk iphonesimulator clean build\n\n# Cleaning the oldest.\nif [ -d \"${INSTALL_DIR}\" ]\nthen\nrm -rf \"${INSTALL_DIR}\"\nfi\n\nmkdir -p \"${INSTALL_DIR}\"\n\ncp -R \"${DEVICE_DIR}/\" \"${INSTALL_DIR}/\"\n\n# Uses the Lipo Tool to merge both binary files (i386 + armv6/armv7) into one Universal final product.\nlipo -create \"${DEVICE_DIR}/${FMK_NAME}\" \"${SIMULATOR_DIR}/${FMK_NAME}\" -output \"${INSTALL_DIR}/${FMK_NAME}\"\n\nrm -r \"${WRK_DIR}\"";
		};
/* End PBXShellScriptBuildPhase section */

/* Begin PBXSourcesBuildPhase section */
		D0DD5A6C1B329802001D6161 /* Sources */ = {
			isa = PBXSourcesBuildPhase;
			buildActionMask = 2147483647;
			files = (
				DE93B12E1B4F6C4300459A2A /* SSUIShareActionSheetItem.m in Sources */,
				DE1EA3601B4F62DE00DE95E2 /* SSUIiPhoneEditorWindow.m in Sources */,
				DE1EA3581B4F62DE00DE95E2 /* SSUIiPhoneEditorToolBar.m in Sources */,
				DE1EA34B1B4F62DE00DE95E2 /* SSUIiPadEditorViewController.m in Sources */,
				DE97DF371B56665E00D21F5D /* SSUIShareActinoSheetItemView.m in Sources */,
				DE93B13B1B4F6C4300459A2A /* SSUIPlatformsView.m in Sources */,
				DE1EA3561B4F62DE00DE95E2 /* SSUIiPhoneEditorNavigationController.m in Sources */,
				DE64BADB1B55F9BB00201E90 /* SSUIiPadShareActionSheetViewController.m in Sources */,
				DE93B1391B4F6C4300459A2A /* SSUIPageView.m in Sources */,
				DE1EA3461B4F62DE00DE95E2 /* SSUIBaseShareContentEditor.m in Sources */,
				D0DD5A7F1B329AE5001D6161 /* ShareSDK+SSUI.m in Sources */,
				DE93B1321B4F6C4300459A2A /* SSUIBaseShareActionSheet.m in Sources */,
				DE93B13D1B4F6C4300459A2A /* SSUIShareActionSheetController.m in Sources */,
				DE93B1301B4F6C4300459A2A /* SSUIShareActionSheetPlatformItem.m in Sources */,
				DE93B1361B4F6C4300459A2A /* SSUIiPhoneShareActionSheet.m in Sources */,
				DE1EA3541B4F62DE00DE95E2 /* SSUIHorizontalTableViewItem.m in Sources */,
				DE1EA35E1B4F62DE00DE95E2 /* SSUIiPhoneEditorViewController.m in Sources */,
				DE1EA3651B4F62DE00DE95E2 /* SSUIShareContentEditorViewController.m in Sources */,
				DE1EA34D1B4F62DE00DE95E2 /* SSUIiPadEditorWindow.m in Sources */,
				DE93B1341B4F6C4300459A2A /* SSUIiPadShareActionSheet.m in Sources */,
				D0DD5A7C1B329AA7001D6161 /* ShareSDKUI.m in Sources */,
				DE97DF3E1B568D7000D21F5D /* SSUIShareActionSheetStyle.m in Sources */,
				DE1EA3491B4F62DE00DE95E2 /* SSUIiPadEditorView.m in Sources */,
				DE1EA35C1B4F62DE00DE95E2 /* SSUIiPhoneEditorView.m in Sources */,
				DE1EA3521B4F62DE00DE95E2 /* SSUIHorizontalTableView.m in Sources */,
				E2FF0FF11B56922F008EA663 /* SSUIEditorViewStyle.m in Sources */,
				DE93B12C1B4F6C4300459A2A /* SSUIShareActionSheetCustomItem.m in Sources */,
				DE1EA34F1B4F62DE00DE95E2 /* SSUIiPadShareContentEditor.m in Sources */,
				DE64BADF1B55F9D900201E90 /* SSUIiPhoneShareActionSheetViewController.m in Sources */,
				DE1EA35A1B4F62DE00DE95E2 /* SSUIiPhoneEditorToolBarItem.m in Sources */,
				DE1EA3621B4F62DE00DE95E2 /* SSUIiPhoneShareContentEditor.m in Sources */,
			);
			runOnlyForDeploymentPostprocessing = 0;
		};
		DE93B0481B4E49FE00459A2A /* Sources */ = {
			isa = PBXSourcesBuildPhase;
			buildActionMask = 2147483647;
			files = (
				DE93B0681B4E49FE00459A2A /* ViewController.m in Sources */,
				DE93B05F1B4E49FE00459A2A /* AppDelegate.m in Sources */,
				DEA563821BE76048002E9552 /* README.md in Sources */,
				DE93B05B1B4E49FE00459A2A /* main.m in Sources */,
			);
			runOnlyForDeploymentPostprocessing = 0;
		};
/* End PBXSourcesBuildPhase section */

/* Begin PBXTargetDependency section */
		DE93B0B41B4E4D1000459A2A /* PBXTargetDependency */ = {
			isa = PBXTargetDependency;
			target = D0DD5A6F1B329802001D6161 /* ShareSDKUI */;
			targetProxy = DE93B0B31B4E4D1000459A2A /* PBXContainerItemProxy */;
		};
		DE93B0BB1B4E4DD300459A2A /* PBXTargetDependency */ = {
			isa = PBXTargetDependency;
			target = D0DD5A6F1B329802001D6161 /* ShareSDKUI */;
			targetProxy = DE93B0BA1B4E4DD300459A2A /* PBXContainerItemProxy */;
		};
/* End PBXTargetDependency section */

/* Begin PBXVariantGroup section */
		DE93B0571B4E49FE00459A2A /* InfoPlist.strings */ = {
			isa = PBXVariantGroup;
			children = (
				DE93B0581B4E49FE00459A2A /* en */,
				DE90B74C1C06F9B100F22D50 /* zh */,
			);
			name = InfoPlist.strings;
			sourceTree = "<group>";
		};
		DE93B0601B4E49FE00459A2A /* Main_iPhone.storyboard */ = {
			isa = PBXVariantGroup;
			children = (
				DE93B0611B4E49FE00459A2A /* Base */,
				DE90B74A1C06F9B000F22D50 /* zh */,
			);
			name = Main_iPhone.storyboard;
			sourceTree = "<group>";
		};
		DE93B0631B4E49FE00459A2A /* Main_iPad.storyboard */ = {
			isa = PBXVariantGroup;
			children = (
				DE93B0641B4E49FE00459A2A /* Base */,
				DE90B74B1C06F9B000F22D50 /* zh */,
			);
			name = Main_iPad.storyboard;
			sourceTree = "<group>";
		};
/* End PBXVariantGroup section */

/* Begin XCBuildConfiguration section */
		D0DD5A751B329802001D6161 /* Debug */ = {
			isa = XCBuildConfiguration;
			buildSettings = {
				ALWAYS_SEARCH_USER_PATHS = NO;
				CLANG_CXX_LANGUAGE_STANDARD = "gnu++0x";
				CLANG_CXX_LIBRARY = "libc++";
				CLANG_ENABLE_MODULES = YES;
				CLANG_ENABLE_OBJC_ARC = YES;
				CLANG_WARN_BOOL_CONVERSION = YES;
				CLANG_WARN_CONSTANT_CONVERSION = YES;
				CLANG_WARN_DIRECT_OBJC_ISA_USAGE = YES_ERROR;
				CLANG_WARN_EMPTY_BODY = YES;
				CLANG_WARN_ENUM_CONVERSION = YES;
				CLANG_WARN_INT_CONVERSION = YES;
				CLANG_WARN_OBJC_ROOT_CLASS = YES_ERROR;
				CLANG_WARN_UNREACHABLE_CODE = YES;
				CLANG_WARN__DUPLICATE_METHOD_MATCH = YES;
				CODE_SIGN_IDENTITY = "iPhone Developer: Jinghuang Liu (H4ZH7W6LU4)";
				COPY_PHASE_STRIP = NO;
				DEBUG_INFORMATION_FORMAT = dwarf;
				ENABLE_BITCODE = YES;
				ENABLE_STRICT_OBJC_MSGSEND = YES;
				GCC_C_LANGUAGE_STANDARD = gnu99;
				GCC_DYNAMIC_NO_PIC = NO;
				GCC_NO_COMMON_BLOCKS = YES;
				GCC_OPTIMIZATION_LEVEL = 0;
				GCC_PREPROCESSOR_DEFINITIONS = (
					"DEBUG=1",
					"$(inherited)",
				);
				GCC_SYMBOLS_PRIVATE_EXTERN = NO;
				GCC_WARN_64_TO_32_BIT_CONVERSION = YES;
				GCC_WARN_ABOUT_RETURN_TYPE = YES_ERROR;
				GCC_WARN_UNDECLARED_SELECTOR = YES;
				GCC_WARN_UNINITIALIZED_AUTOS = YES_AGGRESSIVE;
				GCC_WARN_UNUSED_FUNCTION = YES;
				GCC_WARN_UNUSED_VARIABLE = YES;
				IPHONEOS_DEPLOYMENT_TARGET = 6.0;
				MACOSX_DEPLOYMENT_TARGET = 10.10;
				MTL_ENABLE_DEBUG_INFO = YES;
				ONLY_ACTIVE_ARCH = YES;
				SDKROOT = macosx;
			};
			name = Debug;
		};
		D0DD5A761B329802001D6161 /* Release */ = {
			isa = XCBuildConfiguration;
			buildSettings = {
				ALWAYS_SEARCH_USER_PATHS = NO;
				CLANG_CXX_LANGUAGE_STANDARD = "gnu++0x";
				CLANG_CXX_LIBRARY = "libc++";
				CLANG_ENABLE_MODULES = YES;
				CLANG_ENABLE_OBJC_ARC = YES;
				CLANG_WARN_BOOL_CONVERSION = YES;
				CLANG_WARN_CONSTANT_CONVERSION = YES;
				CLANG_WARN_DIRECT_OBJC_ISA_USAGE = YES_ERROR;
				CLANG_WARN_EMPTY_BODY = YES;
				CLANG_WARN_ENUM_CONVERSION = YES;
				CLANG_WARN_INT_CONVERSION = YES;
				CLANG_WARN_OBJC_ROOT_CLASS = YES_ERROR;
				CLANG_WARN_UNREACHABLE_CODE = YES;
				CLANG_WARN__DUPLICATE_METHOD_MATCH = YES;
				CODE_SIGN_IDENTITY = "iPhone Developer: Jinghuang Liu (H4ZH7W6LU4)";
				COPY_PHASE_STRIP = NO;
				DEBUG_INFORMATION_FORMAT = "dwarf-with-dsym";
				ENABLE_BITCODE = YES;
				ENABLE_NS_ASSERTIONS = NO;
				ENABLE_STRICT_OBJC_MSGSEND = YES;
				GCC_C_LANGUAGE_STANDARD = gnu99;
				GCC_NO_COMMON_BLOCKS = YES;
				GCC_WARN_64_TO_32_BIT_CONVERSION = YES;
				GCC_WARN_ABOUT_RETURN_TYPE = YES_ERROR;
				GCC_WARN_UNDECLARED_SELECTOR = YES;
				GCC_WARN_UNINITIALIZED_AUTOS = YES_AGGRESSIVE;
				GCC_WARN_UNUSED_FUNCTION = YES;
				GCC_WARN_UNUSED_VARIABLE = YES;
				IPHONEOS_DEPLOYMENT_TARGET = 6.0;
				MACOSX_DEPLOYMENT_TARGET = 10.10;
				MTL_ENABLE_DEBUG_INFO = NO;
				SDKROOT = macosx;
			};
			name = Release;
		};
		D0DD5A781B329802001D6161 /* Debug */ = {
			isa = XCBuildConfiguration;
			buildSettings = {
				COMBINE_HIDPI_IMAGES = YES;
				DEAD_CODE_STRIPPING = NO;
				FRAMEWORK_SEARCH_PATHS = "$(SRCROOT)/../bin";
				INFOPLIST_FILE = ShareSDKUI/Info.plist;
				INSTALL_PATH = "$(LOCAL_LIBRARY_DIR)/Bundles";
				IPHONEOS_DEPLOYMENT_TARGET = 6.0;
				LINK_WITH_STANDARD_LIBRARIES = NO;
				MACH_O_TYPE = mh_object;
				MACOSX_DEPLOYMENT_TARGET = "";
				OTHER_CFLAGS = "-fembed-bitcode";
				OTHER_LDFLAGS = "-ObjC";
				PRODUCT_NAME = "$(TARGET_NAME)";
				SDKROOT = iphoneos;
				SKIP_INSTALL = YES;
				TARGETED_DEVICE_FAMILY = "1,2";
				WRAPPER_EXTENSION = framework;
			};
			name = Debug;
		};
		D0DD5A791B329802001D6161 /* Release */ = {
			isa = XCBuildConfiguration;
			buildSettings = {
				COMBINE_HIDPI_IMAGES = YES;
				DEAD_CODE_STRIPPING = NO;
				FRAMEWORK_SEARCH_PATHS = "$(SRCROOT)/../bin";
				GCC_GENERATE_DEBUGGING_SYMBOLS = NO;
				INFOPLIST_FILE = ShareSDKUI/Info.plist;
				INSTALL_PATH = "$(LOCAL_LIBRARY_DIR)/Bundles";
				IPHONEOS_DEPLOYMENT_TARGET = 6.0;
				LINK_WITH_STANDARD_LIBRARIES = NO;
				MACH_O_TYPE = mh_object;
				MACOSX_DEPLOYMENT_TARGET = "";
				OTHER_CFLAGS = "-fembed-bitcode";
				OTHER_LDFLAGS = "-ObjC";
				PRODUCT_NAME = "$(TARGET_NAME)";
				SDKROOT = iphoneos;
				SKIP_INSTALL = YES;
				TARGETED_DEVICE_FAMILY = "1,2";
				WRAPPER_EXTENSION = framework;
			};
			name = Release;
		};
		DE93B07E1B4E49FE00459A2A /* Debug */ = {
			isa = XCBuildConfiguration;
			buildSettings = {
				ARCHS = "$(ARCHS_STANDARD)";
				ASSETCATALOG_COMPILER_APPICON_NAME = AppIcon;
				ASSETCATALOG_COMPILER_LAUNCHIMAGE_NAME = LaunchImage;
				CODE_SIGN_IDENTITY = "iPhone Developer: Jinghuang Liu (H4ZH7W6LU4)";
				"CODE_SIGN_IDENTITY[sdk=iphoneos*]" = "iPhone Developer: Jinghuang Liu (H4ZH7W6LU4)";
				ENABLE_BITCODE = NO;
				FRAMEWORK_SEARCH_PATHS = (
					"$(inherited)",
					"$(SRCROOT)/../bin",
					"$(SRCROOT)/../extends/QQSDK",
					"$(SRCROOT)/../extends/GooglePlusSDK",
					"$(SRCROOT)/../extends/RenRenSDK",
					"$(SRCROOT)/../extends/KaKaoSDK",
				);
				GCC_PRECOMPILE_PREFIX_HEADER = YES;
				GCC_PREFIX_HEADER = "TestShareSDKUI/TestShareSDKUI-Prefix.pch";
				GCC_PREPROCESSOR_DEFINITIONS = (
					"DEBUG=1",
					"$(inherited)",
				);
				INFOPLIST_FILE = "TestShareSDKUI/TestShareSDKUI-Info.plist";
				IPHONEOS_DEPLOYMENT_TARGET = 5.1;
				LIBRARY_SEARCH_PATHS = (
					"$(inherited)",
					"$(SRCROOT)/../extends/SinaWeiboSDK",
					"$(SRCROOT)/../extends/WeChatSDK",
					"$(SRCROOT)/../extends/APSocialSDK",
				);
				OTHER_LDFLAGS = "-ObjC";
				PRODUCT_NAME = "$(TARGET_NAME)";
				PROVISIONING_PROFILE = "";
				SDKROOT = iphoneos;
				TARGETED_DEVICE_FAMILY = "1,2";
				WRAPPER_EXTENSION = app;
			};
			name = Debug;
		};
		DE93B07F1B4E49FE00459A2A /* Release */ = {
			isa = XCBuildConfiguration;
			buildSettings = {
				ARCHS = "$(ARCHS_STANDARD)";
				ASSETCATALOG_COMPILER_APPICON_NAME = AppIcon;
				ASSETCATALOG_COMPILER_LAUNCHIMAGE_NAME = LaunchImage;
				CODE_SIGN_IDENTITY = "iPhone Developer: Jinghuang Liu (H4ZH7W6LU4)";
				"CODE_SIGN_IDENTITY[sdk=iphoneos*]" = "iPhone Developer: Jinghuang Liu (H4ZH7W6LU4)";
				COPY_PHASE_STRIP = YES;
				ENABLE_BITCODE = NO;
				FRAMEWORK_SEARCH_PATHS = (
					"$(inherited)",
					"$(SRCROOT)/../bin",
					"$(SRCROOT)/../extends/QQSDK",
					"$(SRCROOT)/../extends/GooglePlusSDK",
					"$(SRCROOT)/../extends/RenRenSDK",
					"$(SRCROOT)/../extends/KaKaoSDK",
				);
				GCC_PRECOMPILE_PREFIX_HEADER = YES;
				GCC_PREFIX_HEADER = "TestShareSDKUI/TestShareSDKUI-Prefix.pch";
				INFOPLIST_FILE = "TestShareSDKUI/TestShareSDKUI-Info.plist";
				IPHONEOS_DEPLOYMENT_TARGET = 5.1;
				LIBRARY_SEARCH_PATHS = (
					"$(inherited)",
					"$(SRCROOT)/../extends/SinaWeiboSDK",
					"$(SRCROOT)/../extends/WeChatSDK",
					"$(SRCROOT)/../extends/APSocialSDK",
				);
				OTHER_LDFLAGS = "-ObjC";
				PRODUCT_NAME = "$(TARGET_NAME)";
				PROVISIONING_PROFILE = "";
				SDKROOT = iphoneos;
				TARGETED_DEVICE_FAMILY = "1,2";
				VALIDATE_PRODUCT = YES;
				WRAPPER_EXTENSION = app;
			};
			name = Release;
		};
		DE93B0B81B4E4DC800459A2A /* Debug */ = {
			isa = XCBuildConfiguration;
			buildSettings = {
				ENABLE_BITCODE = "";
				PRODUCT_NAME = "$(TARGET_NAME)";
			};
			name = Debug;
		};
		DE93B0B91B4E4DC800459A2A /* Release */ = {
			isa = XCBuildConfiguration;
			buildSettings = {
				ENABLE_BITCODE = "";
				PRODUCT_NAME = "$(TARGET_NAME)";
			};
			name = Release;
		};
/* End XCBuildConfiguration section */

/* Begin XCConfigurationList section */
		D0DD5A6B1B329802001D6161 /* Build configuration list for PBXProject "ShareSDKUI" */ = {
			isa = XCConfigurationList;
			buildConfigurations = (
				D0DD5A751B329802001D6161 /* Debug */,
				D0DD5A761B329802001D6161 /* Release */,
			);
			defaultConfigurationIsVisible = 0;
			defaultConfigurationName = Release;
		};
		D0DD5A771B329802001D6161 /* Build configuration list for PBXNativeTarget "ShareSDKUI" */ = {
			isa = XCConfigurationList;
			buildConfigurations = (
				D0DD5A781B329802001D6161 /* Debug */,
				D0DD5A791B329802001D6161 /* Release */,
			);
			defaultConfigurationIsVisible = 0;
			defaultConfigurationName = Release;
		};
		DE93B0821B4E49FE00459A2A /* Build configuration list for PBXNativeTarget "TestShareSDKUI" */ = {
			isa = XCConfigurationList;
			buildConfigurations = (
				DE93B07E1B4E49FE00459A2A /* Debug */,
				DE93B07F1B4E49FE00459A2A /* Release */,
			);
			defaultConfigurationIsVisible = 0;
			defaultConfigurationName = Release;
		};
		DE93B0B71B4E4DC800459A2A /* Build configuration list for PBXAggregateTarget "CreatePackage" */ = {
			isa = XCConfigurationList;
			buildConfigurations = (
				DE93B0B81B4E4DC800459A2A /* Debug */,
				DE93B0B91B4E4DC800459A2A /* Release */,
			);
			defaultConfigurationIsVisible = 0;
			defaultConfigurationName = Release;
		};
/* End XCConfigurationList section */
	};
	rootObject = D0DD5A681B329802001D6161 /* Project object */;
}
